// !$*UTF8*$!
{
	archiveVersion = 1;
	classes = {
	};
	objectVersion = 55;
	objects = {

/* Begin PBXBuildFile section */
		8903824327DCEC4300C9E274 /* SoccerInfoTests.swift in Sources */ = {isa = PBXBuildFile; fileRef = 8903824227DCEC4300C9E274 /* SoccerInfoTests.swift */; };
		890A7E532773561F00918054 /* UIColor+Extension.swift in Sources */ = {isa = PBXBuildFile; fileRef = 890A7E522773561F00918054 /* UIColor+Extension.swift */; };
		89123EC02751ECF100DB0077 /* MatchDetailViewController.swift in Sources */ = {isa = PBXBuildFile; fileRef = 89123EBF2751ECF100DB0077 /* MatchDetailViewController.swift */; };
		89123EC22751ED4700DB0077 /* MatchDetail.storyboard in Resources */ = {isa = PBXBuildFile; fileRef = 89123EC12751ED4700DB0077 /* MatchDetail.storyboard */; };
		89123EC42752091D00DB0077 /* MatchDetailModel.swift in Sources */ = {isa = PBXBuildFile; fileRef = 89123EC32752091D00DB0077 /* MatchDetailModel.swift */; };
		891345DD274A790E00FACD61 /* APIComponents.swift in Sources */ = {isa = PBXBuildFile; fileRef = 891345DC274A790E00FACD61 /* APIComponents.swift */; };
		8913C821274B3433000CCC44 /* StandingsTableViewCell.swift in Sources */ = {isa = PBXBuildFile; fileRef = 8913C820274B3433000CCC44 /* StandingsTableViewCell.swift */; };
		8913C829274B57E0000CCC44 /* StandingSectionHeaderView.swift in Sources */ = {isa = PBXBuildFile; fileRef = 8913C828274B57E0000CCC44 /* StandingSectionHeaderView.swift */; };
		8913C831274BB8B8000CCC44 /* UIViewController+Extension.swift in Sources */ = {isa = PBXBuildFile; fileRef = 8913C830274BB8B8000CCC44 /* UIViewController+Extension.swift */; };
		891794432765A4F8004C02C4 /* CurrentMatchCollectionViewCell.swift in Sources */ = {isa = PBXBuildFile; fileRef = 891794412765A4F8004C02C4 /* CurrentMatchCollectionViewCell.swift */; };
		891794442765A4F8004C02C4 /* CurrentMatchCollectionViewCell.xib in Resources */ = {isa = PBXBuildFile; fileRef = 891794422765A4F8004C02C4 /* CurrentMatchCollectionViewCell.xib */; };
		891794472765B886004C02C4 /* CurrentMatchCollectionViewFlowLayout.swift in Sources */ = {isa = PBXBuildFile; fileRef = 891794462765B886004C02C4 /* CurrentMatchCollectionViewFlowLayout.swift */; };
		891CDA8A2760A0AA00556629 /* GoogleService-Info.plist in Resources */ = {isa = PBXBuildFile; fileRef = 891CDA892760A0AA00556629 /* GoogleService-Info.plist */; };
		891CDA912760AD0100556629 /* SideMenu in Frameworks */ = {isa = PBXBuildFile; productRef = 891CDA902760AD0100556629 /* SideMenu */; };
		891CDA942760AD3200556629 /* Realm in Frameworks */ = {isa = PBXBuildFile; productRef = 891CDA932760AD3200556629 /* Realm */; };
		891CDA962760AD3200556629 /* RealmSwift in Frameworks */ = {isa = PBXBuildFile; productRef = 891CDA952760AD3200556629 /* RealmSwift */; };
		891CDA992760AD4400556629 /* Kingfisher in Frameworks */ = {isa = PBXBuildFile; productRef = 891CDA982760AD4400556629 /* Kingfisher */; };
		8927FB62278C6BB700CA6656 /* Cell+Extension.swift in Sources */ = {isa = PBXBuildFile; fileRef = 8927FB61278C6BB700CA6656 /* Cell+Extension.swift */; };
		89281D1A274D3C77001FB81D /* Date+Extension.swift in Sources */ = {isa = PBXBuildFile; fileRef = 89281D19274D3C77001FB81D /* Date+Extension.swift */; };
		892DEEA027562CAF0077D887 /* UserNotificationCenterManager.swift in Sources */ = {isa = PBXBuildFile; fileRef = 892DEE9F27562CAF0077D887 /* UserNotificationCenterManager.swift */; };
		893C6E79274CB11100210ED1 /* SideViewController.swift in Sources */ = {isa = PBXBuildFile; fileRef = 893C6E78274CB11100210ED1 /* SideViewController.swift */; };
		893C6E7D274CBED900210ED1 /* SideTableViewCell.swift in Sources */ = {isa = PBXBuildFile; fileRef = 893C6E7C274CBED900210ED1 /* SideTableViewCell.swift */; };
		893C6E82274CD21500210ED1 /* BasicTabViewController.swift in Sources */ = {isa = PBXBuildFile; fileRef = 893C6E81274CD21500210ED1 /* BasicTabViewController.swift */; };
		893C6E84274CE7FA00210ED1 /* String+Extension.swift in Sources */ = {isa = PBXBuildFile; fileRef = 893C6E83274CE7FA00210ED1 /* String+Extension.swift */; };
		893D1433274E017000B9AAA0 /* FixturesTableViewCell.swift in Sources */ = {isa = PBXBuildFile; fileRef = 893D1432274E017000B9AAA0 /* FixturesTableViewCell.swift */; };
		894BF76A274250B600E71C09 /* AppDelegate.swift in Sources */ = {isa = PBXBuildFile; fileRef = 894BF769274250B600E71C09 /* AppDelegate.swift */; };
		894BF76C274250B600E71C09 /* SceneDelegate.swift in Sources */ = {isa = PBXBuildFile; fileRef = 894BF76B274250B600E71C09 /* SceneDelegate.swift */; };
		894BF773274250B700E71C09 /* Assets.xcassets in Resources */ = {isa = PBXBuildFile; fileRef = 894BF772274250B700E71C09 /* Assets.xcassets */; };
		894BF776274250B700E71C09 /* LaunchScreen.storyboard in Resources */ = {isa = PBXBuildFile; fileRef = 894BF774274250B700E71C09 /* LaunchScreen.storyboard */; };
		895F7D62274E9B3700C6A0C0 /* PublicPropertyManager.swift in Sources */ = {isa = PBXBuildFile; fileRef = 895F7D61274E9B3700C6A0C0 /* PublicPropertyManager.swift */; };
		896833052759244E00D97FEC /* LocalizationList.swift in Sources */ = {isa = PBXBuildFile; fileRef = 896833042759244E00D97FEC /* LocalizationList.swift */; };
		89707F812792660400E43D89 /* DateFormatter+Extension.swift in Sources */ = {isa = PBXBuildFile; fileRef = 89707F802792660400E43D89 /* DateFormatter+Extension.swift */; };
		89740BFF27464B510033AD2C /* FixturesViewController.swift in Sources */ = {isa = PBXBuildFile; fileRef = 89740BFD27464B510033AD2C /* FixturesViewController.swift */; };
		89740C0427464B7F0033AD2C /* StandingsViewController.swift in Sources */ = {isa = PBXBuildFile; fileRef = 89740C0327464B7F0033AD2C /* StandingsViewController.swift */; };
		89740C0627464B880033AD2C /* NewsViewController.swift in Sources */ = {isa = PBXBuildFile; fileRef = 89740C0527464B880033AD2C /* NewsViewController.swift */; };
		89740C0A27464BE30033AD2C /* SquadsViewController.swift in Sources */ = {isa = PBXBuildFile; fileRef = 89740C0927464BE30033AD2C /* SquadsViewController.swift */; };
		89740C1227464D3C0033AD2C /* Squads.storyboard in Resources */ = {isa = PBXBuildFile; fileRef = 89740C1127464D3C0033AD2C /* Squads.storyboard */; };
		897483922791AE2000636E8E /* TeamSchedulesViewController.swift in Sources */ = {isa = PBXBuildFile; fileRef = 897483912791AE2000636E8E /* TeamSchedulesViewController.swift */; };
		897483972791C37D00636E8E /* TeamSchedulesTableViewCell.swift in Sources */ = {isa = PBXBuildFile; fileRef = 897483952791C37D00636E8E /* TeamSchedulesTableViewCell.swift */; };
		8989C7B327DCF30900068308 /* RxCocoa in Frameworks */ = {isa = PBXBuildFile; productRef = 8989C7B227DCF30900068308 /* RxCocoa */; };
		8989C7B527DCF30900068308 /* RxRelay in Frameworks */ = {isa = PBXBuildFile; productRef = 8989C7B427DCF30900068308 /* RxRelay */; };
		8989C7B727DCF30900068308 /* RxSwift in Frameworks */ = {isa = PBXBuildFile; productRef = 8989C7B627DCF30900068308 /* RxSwift */; };
		898A63E0274687450023426A /* StandingsModel.swift in Sources */ = {isa = PBXBuildFile; fileRef = 898A63DF274687450023426A /* StandingsModel.swift */; };
		898A63E6274690CE0023426A /* MainTabBarController.swift in Sources */ = {isa = PBXBuildFile; fileRef = 898A63E5274690CE0023426A /* MainTabBarController.swift */; };
		899000812753C86C00A4812A /* UIView+Extension.swift in Sources */ = {isa = PBXBuildFile; fileRef = 899000802753C86C00A4812A /* UIView+Extension.swift */; };
		8990E775275B5CB70025CE05 /* FormationTableViewCell.swift in Sources */ = {isa = PBXBuildFile; fileRef = 8990E773275B5CB70025CE05 /* FormationTableViewCell.swift */; };
		8990E776275B5CB70025CE05 /* FormationTableViewCell.xib in Resources */ = {isa = PBXBuildFile; fileRef = 8990E774275B5CB70025CE05 /* FormationTableViewCell.xib */; };
		89C843C22757E2D5000AC2FE /* ManualViewController.swift in Sources */ = {isa = PBXBuildFile; fileRef = 89C843C12757E2D5000AC2FE /* ManualViewController.swift */; };
		89C843C42757E531000AC2FE /* OpenSourceLicenseViewController.swift in Sources */ = {isa = PBXBuildFile; fileRef = 89C843C32757E531000AC2FE /* OpenSourceLicenseViewController.swift */; };
		89D3EC7B27D3A57F009494DA /* SnapKit in Frameworks */ = {isa = PBXBuildFile; productRef = 89D3EC7A27D3A57F009494DA /* SnapKit */; };
		89D3EC7E27D3A5B6009494DA /* RxDataSources in Frameworks */ = {isa = PBXBuildFile; productRef = 89D3EC7D27D3A5B6009494DA /* RxDataSources */; };
		89D3EC8127D3A5DB009494DA /* RxGesture in Frameworks */ = {isa = PBXBuildFile; productRef = 89D3EC8027D3A5DB009494DA /* RxGesture */; };
		89D5884E276893C700E1D654 /* Charts in Frameworks */ = {isa = PBXBuildFile; productRef = 89D5884D276893C700E1D654 /* Charts */; };
		89DB128E274BE009009E8888 /* DataTypes.swift in Sources */ = {isa = PBXBuildFile; fileRef = 89DB128D274BE009009E8888 /* DataTypes.swift */; };
		89DB1290274BE125009E8888 /* FixturesModel.swift in Sources */ = {isa = PBXBuildFile; fileRef = 89DB128F274BE125009E8888 /* FixturesModel.swift */; };
		89DB1292274BE1C5009E8888 /* Errors.swift in Sources */ = {isa = PBXBuildFile; fileRef = 89DB1291274BE1C5009E8888 /* Errors.swift */; };
		89E2C464274FC9AE00C73BC4 /* NewsTableViewCell.swift in Sources */ = {isa = PBXBuildFile; fileRef = 89E2C463274FC9AE00C73BC4 /* NewsTableViewCell.swift */; };
		89E2C466274FE20D00C73BC4 /* NewsModel.swift in Sources */ = {isa = PBXBuildFile; fileRef = 89E2C465274FE20D00C73BC4 /* NewsModel.swift */; };
		89E752FE275227CE0019F62F /* EventsTableViewCell.swift in Sources */ = {isa = PBXBuildFile; fileRef = 89E752FC275227CE0019F62F /* EventsTableViewCell.swift */; };
		89E752FF275227CE0019F62F /* EventsTableViewCell.xib in Resources */ = {isa = PBXBuildFile; fileRef = 89E752FD275227CE0019F62F /* EventsTableViewCell.xib */; };
		89E75304275227EA0019F62F /* LineupsTableViewCell.swift in Sources */ = {isa = PBXBuildFile; fileRef = 89E75302275227EA0019F62F /* LineupsTableViewCell.swift */; };
		89E75305275227EA0019F62F /* LineupsTableViewCell.xib in Resources */ = {isa = PBXBuildFile; fileRef = 89E75303275227EA0019F62F /* LineupsTableViewCell.xib */; };
		89E8C28A275BC6B10031982E /* Calendar+Extension.swift in Sources */ = {isa = PBXBuildFile; fileRef = 89E8C289275BC6B10031982E /* Calendar+Extension.swift */; };
		89E8C28C275BE1380031982E /* FormationSectionFooterView.xib in Resources */ = {isa = PBXBuildFile; fileRef = 89E8C28B275BE1380031982E /* FormationSectionFooterView.xib */; };
		89E8C290275BE26A0031982E /* FormationSectionFooterView.swift in Sources */ = {isa = PBXBuildFile; fileRef = 89E8C28F275BE26A0031982E /* FormationSectionFooterView.swift */; };
		BD4DBF54ABCA29BEF6130CE1 /* Pods_SoccerInfo.framework in Frameworks */ = {isa = PBXBuildFile; fileRef = 3F89988193D5B07FB052B364 /* Pods_SoccerInfo.framework */; };
		EF2C4DAB28B12B160038A74E /* RxBlocking in Frameworks */ = {isa = PBXBuildFile; productRef = 8989C7B027DCF30900068308 /* RxBlocking */; };
		EF2C4DAD28B12B830038A74E /* Alamofire in Frameworks */ = {isa = PBXBuildFile; productRef = EF2C4DAC28B12B830038A74E /* Alamofire */; };
		EFF7697328B1143900C41AB8 /* XCTest.framework in Frameworks */ = {isa = PBXBuildFile; fileRef = EFF7697128B1113500C41AB8 /* XCTest.framework */; settings = {ATTRIBUTES = (Weak, ); }; };
/* End PBXBuildFile section */

/* Begin PBXContainerItemProxy section */
		8903824427DCEC4300C9E274 /* PBXContainerItemProxy */ = {
			isa = PBXContainerItemProxy;
			containerPortal = 894BF75E274250B600E71C09 /* Project object */;
			proxyType = 1;
			remoteGlobalIDString = 894BF765274250B600E71C09;
			remoteInfo = SoccerInfo;
		};
/* End PBXContainerItemProxy section */

/* Begin PBXFileReference section */
		3F89988193D5B07FB052B364 /* Pods_SoccerInfo.framework */ = {isa = PBXFileReference; explicitFileType = wrapper.framework; includeInIndex = 0; path = Pods_SoccerInfo.framework; sourceTree = BUILT_PRODUCTS_DIR; };
		8903824027DCEC4300C9E274 /* SoccerInfoTests.xctest */ = {isa = PBXFileReference; explicitFileType = wrapper.cfbundle; includeInIndex = 0; path = SoccerInfoTests.xctest; sourceTree = BUILT_PRODUCTS_DIR; };
		8903824227DCEC4300C9E274 /* SoccerInfoTests.swift */ = {isa = PBXFileReference; lastKnownFileType = sourcecode.swift; path = SoccerInfoTests.swift; sourceTree = "<group>"; };
		890A7E522773561F00918054 /* UIColor+Extension.swift */ = {isa = PBXFileReference; lastKnownFileType = sourcecode.swift; path = "UIColor+Extension.swift"; sourceTree = "<group>"; };
		89123EBF2751ECF100DB0077 /* MatchDetailViewController.swift */ = {isa = PBXFileReference; lastKnownFileType = sourcecode.swift; path = MatchDetailViewController.swift; sourceTree = "<group>"; };
		89123EC12751ED4700DB0077 /* MatchDetail.storyboard */ = {isa = PBXFileReference; lastKnownFileType = file.storyboard; path = MatchDetail.storyboard; sourceTree = "<group>"; };
		89123EC32752091D00DB0077 /* MatchDetailModel.swift */ = {isa = PBXFileReference; lastKnownFileType = sourcecode.swift; path = MatchDetailModel.swift; sourceTree = "<group>"; };
		891345DC274A790E00FACD61 /* APIComponents.swift */ = {isa = PBXFileReference; lastKnownFileType = sourcecode.swift; path = APIComponents.swift; sourceTree = "<group>"; };
		8913C820274B3433000CCC44 /* StandingsTableViewCell.swift */ = {isa = PBXFileReference; lastKnownFileType = sourcecode.swift; path = StandingsTableViewCell.swift; sourceTree = "<group>"; };
		8913C828274B57E0000CCC44 /* StandingSectionHeaderView.swift */ = {isa = PBXFileReference; lastKnownFileType = sourcecode.swift; path = StandingSectionHeaderView.swift; sourceTree = "<group>"; };
		8913C830274BB8B8000CCC44 /* UIViewController+Extension.swift */ = {isa = PBXFileReference; lastKnownFileType = sourcecode.swift; path = "UIViewController+Extension.swift"; sourceTree = "<group>"; };
		891794412765A4F8004C02C4 /* CurrentMatchCollectionViewCell.swift */ = {isa = PBXFileReference; lastKnownFileType = sourcecode.swift; path = CurrentMatchCollectionViewCell.swift; sourceTree = "<group>"; };
		891794422765A4F8004C02C4 /* CurrentMatchCollectionViewCell.xib */ = {isa = PBXFileReference; lastKnownFileType = file.xib; path = CurrentMatchCollectionViewCell.xib; sourceTree = "<group>"; };
		891794462765B886004C02C4 /* CurrentMatchCollectionViewFlowLayout.swift */ = {isa = PBXFileReference; lastKnownFileType = sourcecode.swift; path = CurrentMatchCollectionViewFlowLayout.swift; sourceTree = "<group>"; };
		891CDA892760A0AA00556629 /* GoogleService-Info.plist */ = {isa = PBXFileReference; fileEncoding = 4; lastKnownFileType = text.plist.xml; path = "GoogleService-Info.plist"; sourceTree = "<group>"; };
		8927FB61278C6BB700CA6656 /* Cell+Extension.swift */ = {isa = PBXFileReference; lastKnownFileType = sourcecode.swift; path = "Cell+Extension.swift"; sourceTree = "<group>"; };
		89281D19274D3C77001FB81D /* Date+Extension.swift */ = {isa = PBXFileReference; lastKnownFileType = sourcecode.swift; path = "Date+Extension.swift"; sourceTree = "<group>"; };
		892DEE9F27562CAF0077D887 /* UserNotificationCenterManager.swift */ = {isa = PBXFileReference; lastKnownFileType = sourcecode.swift; path = UserNotificationCenterManager.swift; sourceTree = "<group>"; };
		893C6E78274CB11100210ED1 /* SideViewController.swift */ = {isa = PBXFileReference; lastKnownFileType = sourcecode.swift; path = SideViewController.swift; sourceTree = "<group>"; };
		893C6E7C274CBED900210ED1 /* SideTableViewCell.swift */ = {isa = PBXFileReference; lastKnownFileType = sourcecode.swift; path = SideTableViewCell.swift; sourceTree = "<group>"; };
		893C6E81274CD21500210ED1 /* BasicTabViewController.swift */ = {isa = PBXFileReference; lastKnownFileType = sourcecode.swift; path = BasicTabViewController.swift; sourceTree = "<group>"; };
		893C6E83274CE7FA00210ED1 /* String+Extension.swift */ = {isa = PBXFileReference; lastKnownFileType = sourcecode.swift; path = "String+Extension.swift"; sourceTree = "<group>"; };
		893D1432274E017000B9AAA0 /* FixturesTableViewCell.swift */ = {isa = PBXFileReference; lastKnownFileType = sourcecode.swift; path = FixturesTableViewCell.swift; sourceTree = "<group>"; };
		894BF766274250B600E71C09 /* SoccerInfo.app */ = {isa = PBXFileReference; explicitFileType = wrapper.application; includeInIndex = 0; path = SoccerInfo.app; sourceTree = BUILT_PRODUCTS_DIR; };
		894BF769274250B600E71C09 /* AppDelegate.swift */ = {isa = PBXFileReference; lastKnownFileType = sourcecode.swift; path = AppDelegate.swift; sourceTree = "<group>"; };
		894BF76B274250B600E71C09 /* SceneDelegate.swift */ = {isa = PBXFileReference; lastKnownFileType = sourcecode.swift; path = SceneDelegate.swift; sourceTree = "<group>"; };
		894BF772274250B700E71C09 /* Assets.xcassets */ = {isa = PBXFileReference; lastKnownFileType = folder.assetcatalog; path = Assets.xcassets; sourceTree = "<group>"; };
		894BF775274250B700E71C09 /* Base */ = {isa = PBXFileReference; lastKnownFileType = file.storyboard; name = Base; path = Base.lproj/LaunchScreen.storyboard; sourceTree = "<group>"; };
		894BF777274250B700E71C09 /* Info.plist */ = {isa = PBXFileReference; lastKnownFileType = text.plist.xml; path = Info.plist; sourceTree = "<group>"; };
		895F7D61274E9B3700C6A0C0 /* PublicPropertyManager.swift */ = {isa = PBXFileReference; lastKnownFileType = sourcecode.swift; path = PublicPropertyManager.swift; sourceTree = "<group>"; };
		896833042759244E00D97FEC /* LocalizationList.swift */ = {isa = PBXFileReference; lastKnownFileType = sourcecode.swift; path = LocalizationList.swift; sourceTree = "<group>"; };
		89707F802792660400E43D89 /* DateFormatter+Extension.swift */ = {isa = PBXFileReference; lastKnownFileType = sourcecode.swift; path = "DateFormatter+Extension.swift"; sourceTree = "<group>"; };
		89740BFD27464B510033AD2C /* FixturesViewController.swift */ = {isa = PBXFileReference; lastKnownFileType = sourcecode.swift; path = FixturesViewController.swift; sourceTree = "<group>"; };
		89740C0327464B7F0033AD2C /* StandingsViewController.swift */ = {isa = PBXFileReference; lastKnownFileType = sourcecode.swift; path = StandingsViewController.swift; sourceTree = "<group>"; };
		89740C0527464B880033AD2C /* NewsViewController.swift */ = {isa = PBXFileReference; lastKnownFileType = sourcecode.swift; path = NewsViewController.swift; sourceTree = "<group>"; };
		89740C0927464BE30033AD2C /* SquadsViewController.swift */ = {isa = PBXFileReference; lastKnownFileType = sourcecode.swift; path = SquadsViewController.swift; sourceTree = "<group>"; };
		89740C1127464D3C0033AD2C /* Squads.storyboard */ = {isa = PBXFileReference; lastKnownFileType = file.storyboard; path = Squads.storyboard; sourceTree = "<group>"; };
		897483912791AE2000636E8E /* TeamSchedulesViewController.swift */ = {isa = PBXFileReference; lastKnownFileType = sourcecode.swift; path = TeamSchedulesViewController.swift; sourceTree = "<group>"; };
		897483952791C37D00636E8E /* TeamSchedulesTableViewCell.swift */ = {isa = PBXFileReference; lastKnownFileType = sourcecode.swift; path = TeamSchedulesTableViewCell.swift; sourceTree = "<group>"; };
		898A63DF274687450023426A /* StandingsModel.swift */ = {isa = PBXFileReference; lastKnownFileType = sourcecode.swift; path = StandingsModel.swift; sourceTree = "<group>"; };
		898A63E5274690CE0023426A /* MainTabBarController.swift */ = {isa = PBXFileReference; lastKnownFileType = sourcecode.swift; path = MainTabBarController.swift; sourceTree = "<group>"; };
		899000802753C86C00A4812A /* UIView+Extension.swift */ = {isa = PBXFileReference; lastKnownFileType = sourcecode.swift; path = "UIView+Extension.swift"; sourceTree = "<group>"; };
		8990E773275B5CB70025CE05 /* FormationTableViewCell.swift */ = {isa = PBXFileReference; lastKnownFileType = sourcecode.swift; path = FormationTableViewCell.swift; sourceTree = "<group>"; };
		8990E774275B5CB70025CE05 /* FormationTableViewCell.xib */ = {isa = PBXFileReference; lastKnownFileType = file.xib; path = FormationTableViewCell.xib; sourceTree = "<group>"; };
		89C843C12757E2D5000AC2FE /* ManualViewController.swift */ = {isa = PBXFileReference; lastKnownFileType = sourcecode.swift; path = ManualViewController.swift; sourceTree = "<group>"; };
		89C843C32757E531000AC2FE /* OpenSourceLicenseViewController.swift */ = {isa = PBXFileReference; lastKnownFileType = sourcecode.swift; path = OpenSourceLicenseViewController.swift; sourceTree = "<group>"; };
		89DB128D274BE009009E8888 /* DataTypes.swift */ = {isa = PBXFileReference; lastKnownFileType = sourcecode.swift; path = DataTypes.swift; sourceTree = "<group>"; };
		89DB128F274BE125009E8888 /* FixturesModel.swift */ = {isa = PBXFileReference; lastKnownFileType = sourcecode.swift; path = FixturesModel.swift; sourceTree = "<group>"; };
		89DB1291274BE1C5009E8888 /* Errors.swift */ = {isa = PBXFileReference; lastKnownFileType = sourcecode.swift; path = Errors.swift; sourceTree = "<group>"; };
		89E2C463274FC9AE00C73BC4 /* NewsTableViewCell.swift */ = {isa = PBXFileReference; lastKnownFileType = sourcecode.swift; path = NewsTableViewCell.swift; sourceTree = "<group>"; };
		89E2C465274FE20D00C73BC4 /* NewsModel.swift */ = {isa = PBXFileReference; lastKnownFileType = sourcecode.swift; path = NewsModel.swift; sourceTree = "<group>"; };
		89E752FC275227CE0019F62F /* EventsTableViewCell.swift */ = {isa = PBXFileReference; lastKnownFileType = sourcecode.swift; path = EventsTableViewCell.swift; sourceTree = "<group>"; };
		89E752FD275227CE0019F62F /* EventsTableViewCell.xib */ = {isa = PBXFileReference; lastKnownFileType = file.xib; path = EventsTableViewCell.xib; sourceTree = "<group>"; };
		89E75302275227EA0019F62F /* LineupsTableViewCell.swift */ = {isa = PBXFileReference; lastKnownFileType = sourcecode.swift; path = LineupsTableViewCell.swift; sourceTree = "<group>"; };
		89E75303275227EA0019F62F /* LineupsTableViewCell.xib */ = {isa = PBXFileReference; lastKnownFileType = file.xib; path = LineupsTableViewCell.xib; sourceTree = "<group>"; };
		89E8C289275BC6B10031982E /* Calendar+Extension.swift */ = {isa = PBXFileReference; lastKnownFileType = sourcecode.swift; path = "Calendar+Extension.swift"; sourceTree = "<group>"; };
		89E8C28B275BE1380031982E /* FormationSectionFooterView.xib */ = {isa = PBXFileReference; lastKnownFileType = file.xib; path = FormationSectionFooterView.xib; sourceTree = "<group>"; };
		89E8C28F275BE26A0031982E /* FormationSectionFooterView.swift */ = {isa = PBXFileReference; lastKnownFileType = sourcecode.swift; path = FormationSectionFooterView.swift; sourceTree = "<group>"; };
		9DB97FBB16703137CF727FD5 /* Pods-SoccerInfo.release.xcconfig */ = {isa = PBXFileReference; includeInIndex = 1; lastKnownFileType = text.xcconfig; name = "Pods-SoccerInfo.release.xcconfig"; path = "Target Support Files/Pods-SoccerInfo/Pods-SoccerInfo.release.xcconfig"; sourceTree = "<group>"; };
		D038C0E2148E73F139127CBD /* Pods-SoccerInfo.debug.xcconfig */ = {isa = PBXFileReference; includeInIndex = 1; lastKnownFileType = text.xcconfig; name = "Pods-SoccerInfo.debug.xcconfig"; path = "Target Support Files/Pods-SoccerInfo/Pods-SoccerInfo.debug.xcconfig"; sourceTree = "<group>"; };
		EFF7697128B1113500C41AB8 /* XCTest.framework */ = {isa = PBXFileReference; lastKnownFileType = wrapper.framework; name = XCTest.framework; path = Platforms/iPhoneOS.platform/Developer/Library/Frameworks/XCTest.framework; sourceTree = DEVELOPER_DIR; };
/* End PBXFileReference section */

/* Begin PBXFrameworksBuildPhase section */
		8903823D27DCEC4300C9E274 /* Frameworks */ = {
			isa = PBXFrameworksBuildPhase;
			buildActionMask = 2147483647;
			files = (
				EFF7697328B1143900C41AB8 /* XCTest.framework in Frameworks */,
				EF2C4DAB28B12B160038A74E /* RxBlocking in Frameworks */,
			);
			runOnlyForDeploymentPostprocessing = 0;
		};
		894BF763274250B600E71C09 /* Frameworks */ = {
			isa = PBXFrameworksBuildPhase;
			buildActionMask = 2147483647;
			files = (
				891CDA992760AD4400556629 /* Kingfisher in Frameworks */,
				89D3EC8127D3A5DB009494DA /* RxGesture in Frameworks */,
				89D3EC7E27D3A5B6009494DA /* RxDataSources in Frameworks */,
				89D3EC7B27D3A57F009494DA /* SnapKit in Frameworks */,
				8989C7B727DCF30900068308 /* RxSwift in Frameworks */,
				8989C7B327DCF30900068308 /* RxCocoa in Frameworks */,
				89D5884E276893C700E1D654 /* Charts in Frameworks */,
				8989C7B527DCF30900068308 /* RxRelay in Frameworks */,
				891CDA912760AD0100556629 /* SideMenu in Frameworks */,
				891CDA942760AD3200556629 /* Realm in Frameworks */,
				891CDA962760AD3200556629 /* RealmSwift in Frameworks */,
				BD4DBF54ABCA29BEF6130CE1 /* Pods_SoccerInfo.framework in Frameworks */,
				EF2C4DAD28B12B830038A74E /* Alamofire in Frameworks */,
			);
			runOnlyForDeploymentPostprocessing = 0;
		};
/* End PBXFrameworksBuildPhase section */

/* Begin PBXGroup section */
		8903824127DCEC4300C9E274 /* SoccerInfoTests */ = {
			isa = PBXGroup;
			children = (
				8903824227DCEC4300C9E274 /* SoccerInfoTests.swift */,
			);
			path = SoccerInfoTests;
			sourceTree = "<group>";
		};
		8913C82F274BB8A2000CCC44 /* Extensions */ = {
			isa = PBXGroup;
			children = (
				8913C830274BB8B8000CCC44 /* UIViewController+Extension.swift */,
				893C6E83274CE7FA00210ED1 /* String+Extension.swift */,
				89281D19274D3C77001FB81D /* Date+Extension.swift */,
				899000802753C86C00A4812A /* UIView+Extension.swift */,
				89E8C289275BC6B10031982E /* Calendar+Extension.swift */,
				890A7E522773561F00918054 /* UIColor+Extension.swift */,
				8927FB61278C6BB700CA6656 /* Cell+Extension.swift */,
				89707F802792660400E43D89 /* DateFormatter+Extension.swift */,
			);
			path = Extensions;
			sourceTree = "<group>";
		};
		891794452765A4FC004C02C4 /* Storyboards */ = {
			isa = PBXGroup;
			children = (
				89740C1127464D3C0033AD2C /* Squads.storyboard */,
				891794422765A4F8004C02C4 /* CurrentMatchCollectionViewCell.xib */,
			);
			path = Storyboards;
			sourceTree = "<group>";
		};
		893C6E77274CAB8D00210ED1 /* Side */ = {
			isa = PBXGroup;
			children = (
				893C6E78274CB11100210ED1 /* SideViewController.swift */,
				893C6E7C274CBED900210ED1 /* SideTableViewCell.swift */,
			);
			path = Side;
			sourceTree = "<group>";
		};
		893C6E80274CD1CF00210ED1 /* SuperClasses */ = {
			isa = PBXGroup;
			children = (
				893C6E81274CD21500210ED1 /* BasicTabViewController.swift */,
			);
			path = SuperClasses;
			sourceTree = "<group>";
		};
		894BF75D274250B600E71C09 = {
			isa = PBXGroup;
			children = (
				894BF768274250B600E71C09 /* SoccerInfo */,
				8903824127DCEC4300C9E274 /* SoccerInfoTests */,
				894BF767274250B600E71C09 /* Products */,
				EAD75E370FB4856B0DCABD39 /* Pods */,
				BF104418F6FE07E4AEAACFCB /* Frameworks */,
			);
			sourceTree = "<group>";
		};
		894BF767274250B600E71C09 /* Products */ = {
			isa = PBXGroup;
			children = (
				894BF766274250B600E71C09 /* SoccerInfo.app */,
				8903824027DCEC4300C9E274 /* SoccerInfoTests.xctest */,
			);
			name = Products;
			sourceTree = "<group>";
		};
		894BF768274250B600E71C09 /* SoccerInfo */ = {
			isa = PBXGroup;
			children = (
				EF2C4DAE28B1310D0038A74E /* App */,
				896833032759241D00D97FEC /* Localization */,
				895F7D60274E9B1900C6A0C0 /* Managers */,
				89DB128C274BDFD1009E8888 /* Enums */,
				8913C82F274BB8A2000CCC44 /* Extensions */,
				89F1ADCE2747BF8500E860BB /* APIKey */,
				89740BF627464A370033AD2C /* Resources */,
				89740BF427464A1A0033AD2C /* Models */,
				89740BF327464A140033AD2C /* Views */,
				894BF777274250B700E71C09 /* Info.plist */,
				891CDA892760A0AA00556629 /* GoogleService-Info.plist */,
			);
			path = SoccerInfo;
			sourceTree = "<group>";
		};
		895F7D60274E9B1900C6A0C0 /* Managers */ = {
			isa = PBXGroup;
			children = (
				895F7D61274E9B3700C6A0C0 /* PublicPropertyManager.swift */,
				892DEE9F27562CAF0077D887 /* UserNotificationCenterManager.swift */,
			);
			path = Managers;
			sourceTree = "<group>";
		};
		896833032759241D00D97FEC /* Localization */ = {
			isa = PBXGroup;
			children = (
				896833042759244E00D97FEC /* LocalizationList.swift */,
			);
			path = Localization;
			sourceTree = "<group>";
		};
		89740BF327464A140033AD2C /* Views */ = {
			isa = PBXGroup;
			children = (
				8974838F2791ADEE00636E8E /* TeamSchedules */,
				893C6E80274CD1CF00210ED1 /* SuperClasses */,
				893C6E77274CAB8D00210ED1 /* Side */,
				89740BF727464A7E0033AD2C /* Main */,
				89740BF827464A900033AD2C /* Schedules */,
				89740BF927464A9C0033AD2C /* Ranks */,
				89740BFA27464AA70033AD2C /* News */,
			);
			path = Views;
			sourceTree = "<group>";
		};
		89740BF427464A1A0033AD2C /* Models */ = {
			isa = PBXGroup;
			children = (
				898A63DF274687450023426A /* StandingsModel.swift */,
				89DB128F274BE125009E8888 /* FixturesModel.swift */,
				89E2C465274FE20D00C73BC4 /* NewsModel.swift */,
				89123EC32752091D00DB0077 /* MatchDetailModel.swift */,
			);
			path = Models;
			sourceTree = "<group>";
		};
		89740BF627464A370033AD2C /* Resources */ = {
			isa = PBXGroup;
			children = (
				894BF772274250B700E71C09 /* Assets.xcassets */,
				894BF774274250B700E71C09 /* LaunchScreen.storyboard */,
			);
			path = Resources;
			sourceTree = "<group>";
		};
		89740BF727464A7E0033AD2C /* Main */ = {
			isa = PBXGroup;
			children = (
				898A63E5274690CE0023426A /* MainTabBarController.swift */,
			);
			path = Main;
			sourceTree = "<group>";
		};
		89740BF827464A900033AD2C /* Schedules */ = {
			isa = PBXGroup;
			children = (
				89740BFB27464AE30033AD2C /* Fixtures */,
				89740BFC27464AF60033AD2C /* MatchDetail */,
			);
			path = Schedules;
			sourceTree = "<group>";
		};
		89740BF927464A9C0033AD2C /* Ranks */ = {
			isa = PBXGroup;
			children = (
				89740C0827464BD40033AD2C /* Standings */,
				89740C0727464B910033AD2C /* Squads */,
			);
			path = Ranks;
			sourceTree = "<group>";
		};
		89740BFA27464AA70033AD2C /* News */ = {
			isa = PBXGroup;
			children = (
				89740C0527464B880033AD2C /* NewsViewController.swift */,
				89E2C463274FC9AE00C73BC4 /* NewsTableViewCell.swift */,
			);
			path = News;
			sourceTree = "<group>";
		};
		89740BFB27464AE30033AD2C /* Fixtures */ = {
			isa = PBXGroup;
			children = (
				89740BFD27464B510033AD2C /* FixturesViewController.swift */,
				893D1432274E017000B9AAA0 /* FixturesTableViewCell.swift */,
				89C843C12757E2D5000AC2FE /* ManualViewController.swift */,
				89C843C32757E531000AC2FE /* OpenSourceLicenseViewController.swift */,
			);
			path = Fixtures;
			sourceTree = "<group>";
		};
		89740BFC27464AF60033AD2C /* MatchDetail */ = {
			isa = PBXGroup;
			children = (
				89E752F3275227000019F62F /* Storyboards */,
				89123EBF2751ECF100DB0077 /* MatchDetailViewController.swift */,
				89E752FC275227CE0019F62F /* EventsTableViewCell.swift */,
				89E75302275227EA0019F62F /* LineupsTableViewCell.swift */,
				8990E773275B5CB70025CE05 /* FormationTableViewCell.swift */,
				89E8C28F275BE26A0031982E /* FormationSectionFooterView.swift */,
			);
			path = MatchDetail;
			sourceTree = "<group>";
		};
		89740C0727464B910033AD2C /* Squads */ = {
			isa = PBXGroup;
			children = (
				891794452765A4FC004C02C4 /* Storyboards */,
				89740C0927464BE30033AD2C /* SquadsViewController.swift */,
				891794412765A4F8004C02C4 /* CurrentMatchCollectionViewCell.swift */,
				891794462765B886004C02C4 /* CurrentMatchCollectionViewFlowLayout.swift */,
			);
			path = Squads;
			sourceTree = "<group>";
		};
		89740C0827464BD40033AD2C /* Standings */ = {
			isa = PBXGroup;
			children = (
				89740C0327464B7F0033AD2C /* StandingsViewController.swift */,
				8913C820274B3433000CCC44 /* StandingsTableViewCell.swift */,
				8913C828274B57E0000CCC44 /* StandingSectionHeaderView.swift */,
			);
			path = Standings;
			sourceTree = "<group>";
		};
		8974838F2791ADEE00636E8E /* TeamSchedules */ = {
			isa = PBXGroup;
			children = (
				897483912791AE2000636E8E /* TeamSchedulesViewController.swift */,
				897483952791C37D00636E8E /* TeamSchedulesTableViewCell.swift */,
			);
			path = TeamSchedules;
			sourceTree = "<group>";
		};
		89DB128C274BDFD1009E8888 /* Enums */ = {
			isa = PBXGroup;
			children = (
				89DB128D274BE009009E8888 /* DataTypes.swift */,
				89DB1291274BE1C5009E8888 /* Errors.swift */,
			);
			path = Enums;
			sourceTree = "<group>";
		};
		89E752F3275227000019F62F /* Storyboards */ = {
			isa = PBXGroup;
			children = (
				89123EC12751ED4700DB0077 /* MatchDetail.storyboard */,
				89E752FD275227CE0019F62F /* EventsTableViewCell.xib */,
				89E75303275227EA0019F62F /* LineupsTableViewCell.xib */,
				8990E774275B5CB70025CE05 /* FormationTableViewCell.xib */,
				89E8C28B275BE1380031982E /* FormationSectionFooterView.xib */,
			);
			path = Storyboards;
			sourceTree = "<group>";
		};
		89F1ADCE2747BF8500E860BB /* APIKey */ = {
			isa = PBXGroup;
			children = (
				891345DC274A790E00FACD61 /* APIComponents.swift */,
			);
			path = APIKey;
			sourceTree = "<group>";
		};
		BF104418F6FE07E4AEAACFCB /* Frameworks */ = {
			isa = PBXGroup;
			children = (
				EFF7697128B1113500C41AB8 /* XCTest.framework */,
				3F89988193D5B07FB052B364 /* Pods_SoccerInfo.framework */,
			);
			name = Frameworks;
			sourceTree = "<group>";
		};
		EAD75E370FB4856B0DCABD39 /* Pods */ = {
			isa = PBXGroup;
			children = (
				D038C0E2148E73F139127CBD /* Pods-SoccerInfo.debug.xcconfig */,
				9DB97FBB16703137CF727FD5 /* Pods-SoccerInfo.release.xcconfig */,
			);
			path = Pods;
			sourceTree = "<group>";
		};
		EF2C4DAE28B1310D0038A74E /* App */ = {
			isa = PBXGroup;
			children = (
				894BF769274250B600E71C09 /* AppDelegate.swift */,
				894BF76B274250B600E71C09 /* SceneDelegate.swift */,
			);
			path = App;
			sourceTree = "<group>";
		};
/* End PBXGroup section */

/* Begin PBXNativeTarget section */
		8903823F27DCEC4300C9E274 /* SoccerInfoTests */ = {
			isa = PBXNativeTarget;
			buildConfigurationList = 8903824627DCEC4300C9E274 /* Build configuration list for PBXNativeTarget "SoccerInfoTests" */;
			buildPhases = (
				8903823C27DCEC4300C9E274 /* Sources */,
				8903823D27DCEC4300C9E274 /* Frameworks */,
				8903823E27DCEC4300C9E274 /* Resources */,
			);
			buildRules = (
			);
			dependencies = (
				8903824527DCEC4300C9E274 /* PBXTargetDependency */,
			);
			name = SoccerInfoTests;
			packageProductDependencies = (
				8989C7B027DCF30900068308 /* RxBlocking */,
			);
			productName = SoccerInfoTests;
			productReference = 8903824027DCEC4300C9E274 /* SoccerInfoTests.xctest */;
			productType = "com.apple.product-type.bundle.unit-test";
		};
		894BF765274250B600E71C09 /* SoccerInfo */ = {
			isa = PBXNativeTarget;
			buildConfigurationList = 894BF77A274250B700E71C09 /* Build configuration list for PBXNativeTarget "SoccerInfo" */;
			buildPhases = (
				29155AED50A6ACA398E60394 /* [CP] Check Pods Manifest.lock */,
				894BF762274250B600E71C09 /* Sources */,
				894BF763274250B600E71C09 /* Frameworks */,
				894BF764274250B600E71C09 /* Resources */,
				891CDA8B2760ABEB00556629 /* ShellScript */,
				78EAD06BCB07BCB2CAB049FA /* [CP] Embed Pods Frameworks */,
			);
			buildRules = (
			);
			dependencies = (
			);
			name = SoccerInfo;
			packageProductDependencies = (
				891CDA902760AD0100556629 /* SideMenu */,
				891CDA932760AD3200556629 /* Realm */,
				891CDA952760AD3200556629 /* RealmSwift */,
				891CDA982760AD4400556629 /* Kingfisher */,
				89D5884D276893C700E1D654 /* Charts */,
				89D3EC7A27D3A57F009494DA /* SnapKit */,
				89D3EC7D27D3A5B6009494DA /* RxDataSources */,
				89D3EC8027D3A5DB009494DA /* RxGesture */,
				8989C7B227DCF30900068308 /* RxCocoa */,
				8989C7B427DCF30900068308 /* RxRelay */,
				8989C7B627DCF30900068308 /* RxSwift */,
				EF2C4DAC28B12B830038A74E /* Alamofire */,
			);
			productName = SoccerInfo;
			productReference = 894BF766274250B600E71C09 /* SoccerInfo.app */;
			productType = "com.apple.product-type.application";
		};
/* End PBXNativeTarget section */

/* Begin PBXProject section */
		894BF75E274250B600E71C09 /* Project object */ = {
			isa = PBXProject;
			attributes = {
				BuildIndependentTargetsInParallel = 1;
				LastSwiftUpdateCheck = 1320;
				LastUpgradeCheck = 1310;
				TargetAttributes = {
					8903823F27DCEC4300C9E274 = {
						CreatedOnToolsVersion = 13.2.1;
						TestTargetID = 894BF765274250B600E71C09;
					};
					894BF765274250B600E71C09 = {
						CreatedOnToolsVersion = 13.1;
					};
				};
			};
			buildConfigurationList = 894BF761274250B600E71C09 /* Build configuration list for PBXProject "SoccerInfo" */;
			compatibilityVersion = "Xcode 13.0";
			developmentRegion = en;
			hasScannedForEncodings = 0;
			knownRegions = (
				en,
				Base,
			);
			mainGroup = 894BF75D274250B600E71C09;
			packageReferences = (
				891CDA8F2760AD0100556629 /* XCRemoteSwiftPackageReference "SideMenu" */,
				891CDA922760AD3200556629 /* XCRemoteSwiftPackageReference "realm-cocoa" */,
				891CDA972760AD4400556629 /* XCRemoteSwiftPackageReference "Kingfisher" */,
				89D5884C276893C700E1D654 /* XCRemoteSwiftPackageReference "Charts" */,
				89B405C9276AB364004EDB25 /* XCRemoteSwiftPackageReference "Alamofire" */,
				89D3EC6A27D3A52E009494DA /* XCRemoteSwiftPackageReference "Moya" */,
				89D3EC7927D3A57F009494DA /* XCRemoteSwiftPackageReference "SnapKit" */,
				89D3EC7C27D3A5B6009494DA /* XCRemoteSwiftPackageReference "RxDataSources" */,
				89D3EC7F27D3A5DB009494DA /* XCRemoteSwiftPackageReference "RxGesture" */,
				8989C7AF27DCF30900068308 /* XCRemoteSwiftPackageReference "RxSwift" */,
				8989C7BA27DCF3B300068308 /* XCRemoteSwiftPackageReference "ReactorKit" */,
			);
			productRefGroup = 894BF767274250B600E71C09 /* Products */;
			projectDirPath = "";
			projectRoot = "";
			targets = (
				894BF765274250B600E71C09 /* SoccerInfo */,
				8903823F27DCEC4300C9E274 /* SoccerInfoTests */,
			);
		};
/* End PBXProject section */

/* Begin PBXResourcesBuildPhase section */
		8903823E27DCEC4300C9E274 /* Resources */ = {
			isa = PBXResourcesBuildPhase;
			buildActionMask = 2147483647;
			files = (
			);
			runOnlyForDeploymentPostprocessing = 0;
		};
		894BF764274250B600E71C09 /* Resources */ = {
			isa = PBXResourcesBuildPhase;
			buildActionMask = 2147483647;
			files = (
				89123EC22751ED4700DB0077 /* MatchDetail.storyboard in Resources */,
				891794442765A4F8004C02C4 /* CurrentMatchCollectionViewCell.xib in Resources */,
				891CDA8A2760A0AA00556629 /* GoogleService-Info.plist in Resources */,
				89E8C28C275BE1380031982E /* FormationSectionFooterView.xib in Resources */,
				894BF776274250B700E71C09 /* LaunchScreen.storyboard in Resources */,
				89E75305275227EA0019F62F /* LineupsTableViewCell.xib in Resources */,
				8990E776275B5CB70025CE05 /* FormationTableViewCell.xib in Resources */,
				894BF773274250B700E71C09 /* Assets.xcassets in Resources */,
				89740C1227464D3C0033AD2C /* Squads.storyboard in Resources */,
				89E752FF275227CE0019F62F /* EventsTableViewCell.xib in Resources */,
			);
			runOnlyForDeploymentPostprocessing = 0;
		};
/* End PBXResourcesBuildPhase section */

/* Begin PBXShellScriptBuildPhase section */
		29155AED50A6ACA398E60394 /* [CP] Check Pods Manifest.lock */ = {
			isa = PBXShellScriptBuildPhase;
			buildActionMask = 2147483647;
			files = (
			);
			inputFileListPaths = (
			);
			inputPaths = (
				"${PODS_PODFILE_DIR_PATH}/Podfile.lock",
				"${PODS_ROOT}/Manifest.lock",
			);
			name = "[CP] Check Pods Manifest.lock";
			outputFileListPaths = (
			);
			outputPaths = (
				"$(DERIVED_FILE_DIR)/Pods-SoccerInfo-checkManifestLockResult.txt",
			);
			runOnlyForDeploymentPostprocessing = 0;
			shellPath = /bin/sh;
			shellScript = "diff \"${PODS_PODFILE_DIR_PATH}/Podfile.lock\" \"${PODS_ROOT}/Manifest.lock\" > /dev/null\nif [ $? != 0 ] ; then\n    # print error to STDERR\n    echo \"error: The sandbox is not in sync with the Podfile.lock. Run 'pod install' or update your CocoaPods installation.\" >&2\n    exit 1\nfi\n# This output is used by Xcode 'outputs' to avoid re-running this script phase.\necho \"SUCCESS\" > \"${SCRIPT_OUTPUT_FILE_0}\"\n";
			showEnvVarsInLog = 0;
		};
		78EAD06BCB07BCB2CAB049FA /* [CP] Embed Pods Frameworks */ = {
			isa = PBXShellScriptBuildPhase;
			buildActionMask = 2147483647;
			files = (
			);
			inputFileListPaths = (
				"${PODS_ROOT}/Target Support Files/Pods-SoccerInfo/Pods-SoccerInfo-frameworks-${CONFIGURATION}-input-files.xcfilelist",
			);
			name = "[CP] Embed Pods Frameworks";
			outputFileListPaths = (
				"${PODS_ROOT}/Target Support Files/Pods-SoccerInfo/Pods-SoccerInfo-frameworks-${CONFIGURATION}-output-files.xcfilelist",
			);
			runOnlyForDeploymentPostprocessing = 0;
			shellPath = /bin/sh;
			shellScript = "\"${PODS_ROOT}/Target Support Files/Pods-SoccerInfo/Pods-SoccerInfo-frameworks.sh\"\n";
			showEnvVarsInLog = 0;
		};
		891CDA8B2760ABEB00556629 /* ShellScript */ = {
			isa = PBXShellScriptBuildPhase;
			buildActionMask = 2147483647;
			files = (
			);
			inputFileListPaths = (
			);
			inputPaths = (
				"${DWARF_DSYM_FOLDER_PATH}/${DWARF_DSYM_FILE_NAME}/Contents/Resources/DWARF/${TARGET_NAME}",
				"$(SRCROOT)/$(BUILT_PRODUCTS_DIR)/$(INFOPLIST_PATH)",
			);
			outputFileListPaths = (
			);
			outputPaths = (
			);
			runOnlyForDeploymentPostprocessing = 0;
			shellPath = /bin/sh;
			shellScript = "# Type a script or drag a script file from your workspace to insert its path.\n\"${PODS_ROOT}/FirebaseCrashlytics/run\"\n";
		};
/* End PBXShellScriptBuildPhase section */

/* Begin PBXSourcesBuildPhase section */
		8903823C27DCEC4300C9E274 /* Sources */ = {
			isa = PBXSourcesBuildPhase;
			buildActionMask = 2147483647;
			files = (
				8903824327DCEC4300C9E274 /* SoccerInfoTests.swift in Sources */,
			);
			runOnlyForDeploymentPostprocessing = 0;
		};
		894BF762274250B600E71C09 /* Sources */ = {
			isa = PBXSourcesBuildPhase;
			buildActionMask = 2147483647;
			files = (
				89707F812792660400E43D89 /* DateFormatter+Extension.swift in Sources */,
				897483922791AE2000636E8E /* TeamSchedulesViewController.swift in Sources */,
				891794432765A4F8004C02C4 /* CurrentMatchCollectionViewCell.swift in Sources */,
				8913C831274BB8B8000CCC44 /* UIViewController+Extension.swift in Sources */,
				89E8C28A275BC6B10031982E /* Calendar+Extension.swift in Sources */,
				893C6E79274CB11100210ED1 /* SideViewController.swift in Sources */,
				89E2C464274FC9AE00C73BC4 /* NewsTableViewCell.swift in Sources */,
				89DB1290274BE125009E8888 /* FixturesModel.swift in Sources */,
				896833052759244E00D97FEC /* LocalizationList.swift in Sources */,
				89E2C466274FE20D00C73BC4 /* NewsModel.swift in Sources */,
				894BF76A274250B600E71C09 /* AppDelegate.swift in Sources */,
				895F7D62274E9B3700C6A0C0 /* PublicPropertyManager.swift in Sources */,
				89123EC02751ECF100DB0077 /* MatchDetailViewController.swift in Sources */,
				89E752FE275227CE0019F62F /* EventsTableViewCell.swift in Sources */,
				893C6E82274CD21500210ED1 /* BasicTabViewController.swift in Sources */,
				89E8C290275BE26A0031982E /* FormationSectionFooterView.swift in Sources */,
				891794472765B886004C02C4 /* CurrentMatchCollectionViewFlowLayout.swift in Sources */,
				893C6E84274CE7FA00210ED1 /* String+Extension.swift in Sources */,
				89740C0427464B7F0033AD2C /* StandingsViewController.swift in Sources */,
				898A63E6274690CE0023426A /* MainTabBarController.swift in Sources */,
				89DB128E274BE009009E8888 /* DataTypes.swift in Sources */,
				89E75304275227EA0019F62F /* LineupsTableViewCell.swift in Sources */,
				89DB1292274BE1C5009E8888 /* Errors.swift in Sources */,
				893C6E7D274CBED900210ED1 /* SideTableViewCell.swift in Sources */,
				89C843C22757E2D5000AC2FE /* ManualViewController.swift in Sources */,
				899000812753C86C00A4812A /* UIView+Extension.swift in Sources */,
				892DEEA027562CAF0077D887 /* UserNotificationCenterManager.swift in Sources */,
				8913C821274B3433000CCC44 /* StandingsTableViewCell.swift in Sources */,
				8913C829274B57E0000CCC44 /* StandingSectionHeaderView.swift in Sources */,
				897483972791C37D00636E8E /* TeamSchedulesTableViewCell.swift in Sources */,
				89281D1A274D3C77001FB81D /* Date+Extension.swift in Sources */,
				89C843C42757E531000AC2FE /* OpenSourceLicenseViewController.swift in Sources */,
				8990E775275B5CB70025CE05 /* FormationTableViewCell.swift in Sources */,
				893D1433274E017000B9AAA0 /* FixturesTableViewCell.swift in Sources */,
				898A63E0274687450023426A /* StandingsModel.swift in Sources */,
				894BF76C274250B600E71C09 /* SceneDelegate.swift in Sources */,
				89740C0627464B880033AD2C /* NewsViewController.swift in Sources */,
				89740C0A27464BE30033AD2C /* SquadsViewController.swift in Sources */,
				8927FB62278C6BB700CA6656 /* Cell+Extension.swift in Sources */,
				89123EC42752091D00DB0077 /* MatchDetailModel.swift in Sources */,
				89740BFF27464B510033AD2C /* FixturesViewController.swift in Sources */,
				891345DD274A790E00FACD61 /* APIComponents.swift in Sources */,
				890A7E532773561F00918054 /* UIColor+Extension.swift in Sources */,
			);
			runOnlyForDeploymentPostprocessing = 0;
		};
/* End PBXSourcesBuildPhase section */

/* Begin PBXTargetDependency section */
		8903824527DCEC4300C9E274 /* PBXTargetDependency */ = {
			isa = PBXTargetDependency;
			target = 894BF765274250B600E71C09 /* SoccerInfo */;
			targetProxy = 8903824427DCEC4300C9E274 /* PBXContainerItemProxy */;
		};
/* End PBXTargetDependency section */

/* Begin PBXVariantGroup section */
		894BF774274250B700E71C09 /* LaunchScreen.storyboard */ = {
			isa = PBXVariantGroup;
			children = (
				894BF775274250B700E71C09 /* Base */,
			);
			name = LaunchScreen.storyboard;
			sourceTree = "<group>";
		};
/* End PBXVariantGroup section */

/* Begin XCBuildConfiguration section */
		8903824727DCEC4300C9E274 /* Debug */ = {
			isa = XCBuildConfiguration;
			buildSettings = {
				BUNDLE_LOADER = "$(TEST_HOST)";
				CODE_SIGN_STYLE = Automatic;
				CURRENT_PROJECT_VERSION = 1;
				DEVELOPMENT_TEAM = Z2SX2S8N8L;
				ENABLE_TESTING_SEARCH_PATHS = YES;
				GENERATE_INFOPLIST_FILE = YES;
				IPHONEOS_DEPLOYMENT_TARGET = 15.2;
				MARKETING_VERSION = 1.0;
				OTHER_LDFLAGS = (
					"-framework",
					"\"XCTest\"",
				);
				PRODUCT_BUNDLE_IDENTIFIER = com.JDman.SoccerInfoTests;
				PRODUCT_NAME = "$(TARGET_NAME)";
				SWIFT_EMIT_LOC_STRINGS = NO;
				SWIFT_VERSION = 5.0;
				TARGETED_DEVICE_FAMILY = "1,2";
				TEST_HOST = "$(BUILT_PRODUCTS_DIR)/SoccerInfo.app/SoccerInfo";
			};
			name = Debug;
		};
		8903824827DCEC4300C9E274 /* Release */ = {
			isa = XCBuildConfiguration;
			buildSettings = {
				BUNDLE_LOADER = "$(TEST_HOST)";
				CODE_SIGN_STYLE = Automatic;
				CURRENT_PROJECT_VERSION = 1;
				DEVELOPMENT_TEAM = Z2SX2S8N8L;
				ENABLE_TESTING_SEARCH_PATHS = YES;
				GENERATE_INFOPLIST_FILE = YES;
				IPHONEOS_DEPLOYMENT_TARGET = 15.2;
				MARKETING_VERSION = 1.0;
				OTHER_LDFLAGS = (
					"-framework",
					"\"XCTest\"",
				);
				PRODUCT_BUNDLE_IDENTIFIER = com.JDman.SoccerInfoTests;
				PRODUCT_NAME = "$(TARGET_NAME)";
				SWIFT_EMIT_LOC_STRINGS = NO;
				SWIFT_VERSION = 5.0;
				TARGETED_DEVICE_FAMILY = "1,2";
				TEST_HOST = "$(BUILT_PRODUCTS_DIR)/SoccerInfo.app/SoccerInfo";
			};
			name = Release;
		};
		894BF778274250B700E71C09 /* Debug */ = {
			isa = XCBuildConfiguration;
			buildSettings = {
				ALWAYS_SEARCH_USER_PATHS = NO;
				CLANG_ANALYZER_NONNULL = YES;
				CLANG_ANALYZER_NUMBER_OBJECT_CONVERSION = YES_AGGRESSIVE;
				CLANG_CXX_LANGUAGE_STANDARD = "gnu++17";
				CLANG_CXX_LIBRARY = "libc++";
				CLANG_ENABLE_MODULES = YES;
				CLANG_ENABLE_OBJC_ARC = YES;
				CLANG_ENABLE_OBJC_WEAK = YES;
				CLANG_WARN_BLOCK_CAPTURE_AUTORELEASING = YES;
				CLANG_WARN_BOOL_CONVERSION = YES;
				CLANG_WARN_COMMA = YES;
				CLANG_WARN_CONSTANT_CONVERSION = YES;
				CLANG_WARN_DEPRECATED_OBJC_IMPLEMENTATIONS = YES;
				CLANG_WARN_DIRECT_OBJC_ISA_USAGE = YES_ERROR;
				CLANG_WARN_DOCUMENTATION_COMMENTS = YES;
				CLANG_WARN_EMPTY_BODY = YES;
				CLANG_WARN_ENUM_CONVERSION = YES;
				CLANG_WARN_INFINITE_RECURSION = YES;
				CLANG_WARN_INT_CONVERSION = YES;
				CLANG_WARN_NON_LITERAL_NULL_CONVERSION = YES;
				CLANG_WARN_OBJC_IMPLICIT_RETAIN_SELF = YES;
				CLANG_WARN_OBJC_LITERAL_CONVERSION = YES;
				CLANG_WARN_OBJC_ROOT_CLASS = YES_ERROR;
				CLANG_WARN_QUOTED_INCLUDE_IN_FRAMEWORK_HEADER = YES;
				CLANG_WARN_RANGE_LOOP_ANALYSIS = YES;
				CLANG_WARN_STRICT_PROTOTYPES = YES;
				CLANG_WARN_SUSPICIOUS_MOVE = YES;
				CLANG_WARN_UNGUARDED_AVAILABILITY = YES_AGGRESSIVE;
				CLANG_WARN_UNREACHABLE_CODE = YES;
				CLANG_WARN__DUPLICATE_METHOD_MATCH = YES;
				COPY_PHASE_STRIP = NO;
				DEBUG_INFORMATION_FORMAT = dwarf;
				ENABLE_STRICT_OBJC_MSGSEND = YES;
				ENABLE_TESTABILITY = YES;
				ENABLE_TESTING_SEARCH_PATHS = NO;
				GCC_C_LANGUAGE_STANDARD = gnu11;
				GCC_DYNAMIC_NO_PIC = NO;
				GCC_NO_COMMON_BLOCKS = YES;
				GCC_OPTIMIZATION_LEVEL = 0;
				GCC_PREPROCESSOR_DEFINITIONS = (
					"DEBUG=1",
					"$(inherited)",
				);
				GCC_WARN_64_TO_32_BIT_CONVERSION = YES;
				GCC_WARN_ABOUT_RETURN_TYPE = YES_ERROR;
				GCC_WARN_UNDECLARED_SELECTOR = YES;
				GCC_WARN_UNINITIALIZED_AUTOS = YES_AGGRESSIVE;
				GCC_WARN_UNUSED_FUNCTION = YES;
				GCC_WARN_UNUSED_VARIABLE = YES;
				IPHONEOS_DEPLOYMENT_TARGET = 15.0;
				MTL_ENABLE_DEBUG_INFO = INCLUDE_SOURCE;
				MTL_FAST_MATH = YES;
				ONLY_ACTIVE_ARCH = YES;
				SDKROOT = iphoneos;
				SWIFT_ACTIVE_COMPILATION_CONDITIONS = DEBUG;
				SWIFT_OPTIMIZATION_LEVEL = "-Onone";
			};
			name = Debug;
		};
		894BF779274250B700E71C09 /* Release */ = {
			isa = XCBuildConfiguration;
			buildSettings = {
				ALWAYS_SEARCH_USER_PATHS = NO;
				CLANG_ANALYZER_NONNULL = YES;
				CLANG_ANALYZER_NUMBER_OBJECT_CONVERSION = YES_AGGRESSIVE;
				CLANG_CXX_LANGUAGE_STANDARD = "gnu++17";
				CLANG_CXX_LIBRARY = "libc++";
				CLANG_ENABLE_MODULES = YES;
				CLANG_ENABLE_OBJC_ARC = YES;
				CLANG_ENABLE_OBJC_WEAK = YES;
				CLANG_WARN_BLOCK_CAPTURE_AUTORELEASING = YES;
				CLANG_WARN_BOOL_CONVERSION = YES;
				CLANG_WARN_COMMA = YES;
				CLANG_WARN_CONSTANT_CONVERSION = YES;
				CLANG_WARN_DEPRECATED_OBJC_IMPLEMENTATIONS = YES;
				CLANG_WARN_DIRECT_OBJC_ISA_USAGE = YES_ERROR;
				CLANG_WARN_DOCUMENTATION_COMMENTS = YES;
				CLANG_WARN_EMPTY_BODY = YES;
				CLANG_WARN_ENUM_CONVERSION = YES;
				CLANG_WARN_INFINITE_RECURSION = YES;
				CLANG_WARN_INT_CONVERSION = YES;
				CLANG_WARN_NON_LITERAL_NULL_CONVERSION = YES;
				CLANG_WARN_OBJC_IMPLICIT_RETAIN_SELF = YES;
				CLANG_WARN_OBJC_LITERAL_CONVERSION = YES;
				CLANG_WARN_OBJC_ROOT_CLASS = YES_ERROR;
				CLANG_WARN_QUOTED_INCLUDE_IN_FRAMEWORK_HEADER = YES;
				CLANG_WARN_RANGE_LOOP_ANALYSIS = YES;
				CLANG_WARN_STRICT_PROTOTYPES = YES;
				CLANG_WARN_SUSPICIOUS_MOVE = YES;
				CLANG_WARN_UNGUARDED_AVAILABILITY = YES_AGGRESSIVE;
				CLANG_WARN_UNREACHABLE_CODE = YES;
				CLANG_WARN__DUPLICATE_METHOD_MATCH = YES;
				COPY_PHASE_STRIP = NO;
				DEBUG_INFORMATION_FORMAT = "dwarf-with-dsym";
				ENABLE_NS_ASSERTIONS = NO;
				ENABLE_STRICT_OBJC_MSGSEND = YES;
				ENABLE_TESTING_SEARCH_PATHS = NO;
				GCC_C_LANGUAGE_STANDARD = gnu11;
				GCC_NO_COMMON_BLOCKS = YES;
				GCC_WARN_64_TO_32_BIT_CONVERSION = YES;
				GCC_WARN_ABOUT_RETURN_TYPE = YES_ERROR;
				GCC_WARN_UNDECLARED_SELECTOR = YES;
				GCC_WARN_UNINITIALIZED_AUTOS = YES_AGGRESSIVE;
				GCC_WARN_UNUSED_FUNCTION = YES;
				GCC_WARN_UNUSED_VARIABLE = YES;
				IPHONEOS_DEPLOYMENT_TARGET = 15.0;
				MTL_ENABLE_DEBUG_INFO = NO;
				MTL_FAST_MATH = YES;
				SDKROOT = iphoneos;
				SWIFT_COMPILATION_MODE = wholemodule;
				SWIFT_OPTIMIZATION_LEVEL = "-O";
				VALIDATE_PRODUCT = YES;
			};
			name = Release;
		};
		894BF77B274250B700E71C09 /* Debug */ = {
			isa = XCBuildConfiguration;
			baseConfigurationReference = D038C0E2148E73F139127CBD /* Pods-SoccerInfo.debug.xcconfig */;
			buildSettings = {
				ASSETCATALOG_COMPILER_APPICON_NAME = AppIcon;
				ASSETCATALOG_COMPILER_GLOBAL_ACCENT_COLOR_NAME = AccentColor;
				CODE_SIGN_IDENTITY = "Apple Development";
				CODE_SIGN_STYLE = Automatic;
				CURRENT_PROJECT_VERSION = 0;
				DEBUG_INFORMATION_FORMAT = "dwarf-with-dsym";
				DEVELOPMENT_TEAM = Z2SX2S8N8L;
				ENABLE_TESTING_SEARCH_PATHS = NO;
				GENERATE_INFOPLIST_FILE = YES;
				INFOPLIST_FILE = SoccerInfo/Info.plist;
				INFOPLIST_KEY_CFBundleDisplayName = "풋볼인포";
				INFOPLIST_KEY_UIApplicationSupportsIndirectInputEvents = YES;
				INFOPLIST_KEY_UILaunchStoryboardName = LaunchScreen;
				INFOPLIST_KEY_UISupportedInterfaceOrientations = UIInterfaceOrientationPortrait;
				INFOPLIST_KEY_UISupportedInterfaceOrientations_iPad = UIInterfaceOrientationPortrait;
				INFOPLIST_KEY_UISupportedInterfaceOrientations_iPhone = UIInterfaceOrientationPortrait;
				IPHONEOS_DEPLOYMENT_TARGET = 14.0;
				LD_RUNPATH_SEARCH_PATHS = (
					"$(inherited)",
					"@executable_path/Frameworks",
				);
				MARKETING_VERSION = 1.3.0;
				PRODUCT_BUNDLE_IDENTIFIER = com.JDman.SoccerInfo;
				PRODUCT_NAME = "$(TARGET_NAME)";
				PROVISIONING_PROFILE_SPECIFIER = "";
				SWIFT_EMIT_LOC_STRINGS = YES;
				SWIFT_VERSION = 5.0;
				TARGETED_DEVICE_FAMILY = 1;
				VERSIONING_SYSTEM = "";
			};
			name = Debug;
		};
		894BF77C274250B700E71C09 /* Release */ = {
			isa = XCBuildConfiguration;
			baseConfigurationReference = 9DB97FBB16703137CF727FD5 /* Pods-SoccerInfo.release.xcconfig */;
			buildSettings = {
				ASSETCATALOG_COMPILER_APPICON_NAME = AppIcon;
				ASSETCATALOG_COMPILER_GLOBAL_ACCENT_COLOR_NAME = AccentColor;
				CODE_SIGN_IDENTITY = "Apple Development";
				CODE_SIGN_STYLE = Automatic;
				CURRENT_PROJECT_VERSION = 0;
				DEVELOPMENT_TEAM = Z2SX2S8N8L;
				ENABLE_TESTING_SEARCH_PATHS = NO;
				GENERATE_INFOPLIST_FILE = YES;
				INFOPLIST_FILE = SoccerInfo/Info.plist;
				INFOPLIST_KEY_CFBundleDisplayName = "풋볼인포";
				INFOPLIST_KEY_UIApplicationSupportsIndirectInputEvents = YES;
				INFOPLIST_KEY_UILaunchStoryboardName = LaunchScreen;
				INFOPLIST_KEY_UISupportedInterfaceOrientations = UIInterfaceOrientationPortrait;
				INFOPLIST_KEY_UISupportedInterfaceOrientations_iPad = UIInterfaceOrientationPortrait;
				INFOPLIST_KEY_UISupportedInterfaceOrientations_iPhone = UIInterfaceOrientationPortrait;
				IPHONEOS_DEPLOYMENT_TARGET = 14.0;
				LD_RUNPATH_SEARCH_PATHS = (
					"$(inherited)",
					"@executable_path/Frameworks",
				);
				MARKETING_VERSION = 1.3.0;
				PRODUCT_BUNDLE_IDENTIFIER = com.JDman.SoccerInfo;
				PRODUCT_NAME = "$(TARGET_NAME)";
				PROVISIONING_PROFILE_SPECIFIER = "";
				SWIFT_EMIT_LOC_STRINGS = YES;
				SWIFT_VERSION = 5.0;
				TARGETED_DEVICE_FAMILY = 1;
				VERSIONING_SYSTEM = "";
			};
			name = Release;
		};
/* End XCBuildConfiguration section */

/* Begin XCConfigurationList section */
		8903824627DCEC4300C9E274 /* Build configuration list for PBXNativeTarget "SoccerInfoTests" */ = {
			isa = XCConfigurationList;
			buildConfigurations = (
				8903824727DCEC4300C9E274 /* Debug */,
				8903824827DCEC4300C9E274 /* Release */,
			);
			defaultConfigurationIsVisible = 0;
			defaultConfigurationName = Release;
		};
		894BF761274250B600E71C09 /* Build configuration list for PBXProject "SoccerInfo" */ = {
			isa = XCConfigurationList;
			buildConfigurations = (
				894BF778274250B700E71C09 /* Debug */,
				894BF779274250B700E71C09 /* Release */,
			);
			defaultConfigurationIsVisible = 0;
			defaultConfigurationName = Release;
		};
		894BF77A274250B700E71C09 /* Build configuration list for PBXNativeTarget "SoccerInfo" */ = {
			isa = XCConfigurationList;
			buildConfigurations = (
				894BF77B274250B700E71C09 /* Debug */,
				894BF77C274250B700E71C09 /* Release */,
			);
			defaultConfigurationIsVisible = 0;
			defaultConfigurationName = Release;
		};
/* End XCConfigurationList section */

/* Begin XCRemoteSwiftPackageReference section */
		891CDA8F2760AD0100556629 /* XCRemoteSwiftPackageReference "SideMenu" */ = {
			isa = XCRemoteSwiftPackageReference;
			repositoryURL = "https://github.com/jonkykong/SideMenu.git";
			requirement = {
				kind = upToNextMinorVersion;
				minimumVersion = 6.5.0;
			};
		};
		891CDA922760AD3200556629 /* XCRemoteSwiftPackageReference "realm-cocoa" */ = {
			isa = XCRemoteSwiftPackageReference;
			repositoryURL = "https://github.com/realm/realm-cocoa.git";
			requirement = {
				kind = exactVersion;
				version = 10.20.0;
			};
		};
		891CDA972760AD4400556629 /* XCRemoteSwiftPackageReference "Kingfisher" */ = {
			isa = XCRemoteSwiftPackageReference;
			repositoryURL = "https://github.com/onevcat/Kingfisher.git";
			requirement = {
				kind = upToNextMajorVersion;
				minimumVersion = 7.0.0;
			};
		};
		8989C7AF27DCF30900068308 /* XCRemoteSwiftPackageReference "RxSwift" */ = {
			isa = XCRemoteSwiftPackageReference;
			repositoryURL = "https://github.com/ReactiveX/RxSwift";
			requirement = {
				kind = upToNextMajorVersion;
				minimumVersion = 6.0.0;
			};
		};
		8989C7BA27DCF3B300068308 /* XCRemoteSwiftPackageReference "ReactorKit" */ = {
			isa = XCRemoteSwiftPackageReference;
			repositoryURL = "https://github.com/ReactorKit/ReactorKit";
			requirement = {
				kind = upToNextMajorVersion;
				minimumVersion = 3.2.0;
			};
		};
		89B405C9276AB364004EDB25 /* XCRemoteSwiftPackageReference "Alamofire" */ = {
			isa = XCRemoteSwiftPackageReference;
			repositoryURL = "https://github.com/Alamofire/Alamofire.git";
			requirement = {
				kind = upToNextMajorVersion;
				minimumVersion = 5.0.0;
			};
		};
		89D3EC6A27D3A52E009494DA /* XCRemoteSwiftPackageReference "Moya" */ = {
			isa = XCRemoteSwiftPackageReference;
			repositoryURL = "https://github.com/Moya/Moya";
			requirement = {
				kind = upToNextMajorVersion;
				minimumVersion = 15.0.0;
			};
		};
		89D3EC7927D3A57F009494DA /* XCRemoteSwiftPackageReference "SnapKit" */ = {
			isa = XCRemoteSwiftPackageReference;
			repositoryURL = "https://github.com/SnapKit/SnapKit";
			requirement = {
				kind = upToNextMajorVersion;
				minimumVersion = 5.0.0;
			};
		};
		89D3EC7C27D3A5B6009494DA /* XCRemoteSwiftPackageReference "RxDataSources" */ = {
			isa = XCRemoteSwiftPackageReference;
			repositoryURL = "https://github.com/RxSwiftCommunity/RxDataSources";
			requirement = {
				kind = upToNextMajorVersion;
				minimumVersion = 5.0.2;
			};
		};
		89D3EC7F27D3A5DB009494DA /* XCRemoteSwiftPackageReference "RxGesture" */ = {
			isa = XCRemoteSwiftPackageReference;
			repositoryURL = "https://github.com/RxSwiftCommunity/RxGesture";
			requirement = {
				kind = upToNextMajorVersion;
				minimumVersion = 4.0.0;
			};
		};
		89D5884C276893C700E1D654 /* XCRemoteSwiftPackageReference "Charts" */ = {
			isa = XCRemoteSwiftPackageReference;
			repositoryURL = "https://github.com/danielgindi/Charts.git";
			requirement = {
				kind = exactVersion;
				version = 4.0.1;
			};
		};
/* End XCRemoteSwiftPackageReference section */

/* Begin XCSwiftPackageProductDependency section */
		891CDA902760AD0100556629 /* SideMenu */ = {
			isa = XCSwiftPackageProductDependency;
			package = 891CDA8F2760AD0100556629 /* XCRemoteSwiftPackageReference "SideMenu" */;
			productName = SideMenu;
		};
		891CDA932760AD3200556629 /* Realm */ = {
			isa = XCSwiftPackageProductDependency;
			package = 891CDA922760AD3200556629 /* XCRemoteSwiftPackageReference "realm-cocoa" */;
			productName = Realm;
		};
		891CDA952760AD3200556629 /* RealmSwift */ = {
			isa = XCSwiftPackageProductDependency;
			package = 891CDA922760AD3200556629 /* XCRemoteSwiftPackageReference "realm-cocoa" */;
			productName = RealmSwift;
		};
		891CDA982760AD4400556629 /* Kingfisher */ = {
			isa = XCSwiftPackageProductDependency;
			package = 891CDA972760AD4400556629 /* XCRemoteSwiftPackageReference "Kingfisher" */;
			productName = Kingfisher;
		};
		8989C7B027DCF30900068308 /* RxBlocking */ = {
			isa = XCSwiftPackageProductDependency;
			package = 8989C7AF27DCF30900068308 /* XCRemoteSwiftPackageReference "RxSwift" */;
			productName = RxBlocking;
		};
		8989C7B227DCF30900068308 /* RxCocoa */ = {
			isa = XCSwiftPackageProductDependency;
			package = 8989C7AF27DCF30900068308 /* XCRemoteSwiftPackageReference "RxSwift" */;
			productName = RxCocoa;
		};
		8989C7B427DCF30900068308 /* RxRelay */ = {
			isa = XCSwiftPackageProductDependency;
			package = 8989C7AF27DCF30900068308 /* XCRemoteSwiftPackageReference "RxSwift" */;
			productName = RxRelay;
		};
		8989C7B627DCF30900068308 /* RxSwift */ = {
			isa = XCSwiftPackageProductDependency;
			package = 8989C7AF27DCF30900068308 /* XCRemoteSwiftPackageReference "RxSwift" */;
			productName = RxSwift;
		};
		89D3EC7A27D3A57F009494DA /* SnapKit */ = {
			isa = XCSwiftPackageProductDependency;
			package = 89D3EC7927D3A57F009494DA /* XCRemoteSwiftPackageReference "SnapKit" */;
			productName = SnapKit;
		};
		89D3EC7D27D3A5B6009494DA /* RxDataSources */ = {
			isa = XCSwiftPackageProductDependency;
			package = 89D3EC7C27D3A5B6009494DA /* XCRemoteSwiftPackageReference "RxDataSources" */;
			productName = RxDataSources;
		};
		89D3EC8027D3A5DB009494DA /* RxGesture */ = {
			isa = XCSwiftPackageProductDependency;
			package = 89D3EC7F27D3A5DB009494DA /* XCRemoteSwiftPackageReference "RxGesture" */;
			productName = RxGesture;
		};
		89D5884D276893C700E1D654 /* Charts */ = {
			isa = XCSwiftPackageProductDependency;
			package = 89D5884C276893C700E1D654 /* XCRemoteSwiftPackageReference "Charts" */;
			productName = Charts;
		};
		EF2C4DAC28B12B830038A74E /* Alamofire */ = {
			isa = XCSwiftPackageProductDependency;
			package = 89B405C9276AB364004EDB25 /* XCRemoteSwiftPackageReference "Alamofire" */;
			productName = Alamofire;
		};
/* End XCSwiftPackageProductDependency section */
	};
	rootObject = 894BF75E274250B600E71C09 /* Project object */;
}
