// !$*UTF8*$!
{
	archiveVersion = 1;
	classes = {
	};
	objectVersion = 55;
	objects = {

/* Begin PBXBuildFile section */
		891345DD274A790E00FACD61 /* APIComponents.swift in Sources */ = {isa = PBXBuildFile; fileRef = 891345DC274A790E00FACD61 /* APIComponents.swift */; };
		8913C821274B3433000CCC44 /* StandingsTableViewCell.swift in Sources */ = {isa = PBXBuildFile; fileRef = 8913C820274B3433000CCC44 /* StandingsTableViewCell.swift */; };
		8913C827274B57BF000CCC44 /* StandingSectionHeaderView.xib in Resources */ = {isa = PBXBuildFile; fileRef = 8913C826274B57BF000CCC44 /* StandingSectionHeaderView.xib */; };
		8913C829274B57E0000CCC44 /* StandingSectionHeaderView.swift in Sources */ = {isa = PBXBuildFile; fileRef = 8913C828274B57E0000CCC44 /* StandingSectionHeaderView.swift */; };
		8913C831274BB8B8000CCC44 /* UIViewController+Extension.swift in Sources */ = {isa = PBXBuildFile; fileRef = 8913C830274BB8B8000CCC44 /* UIViewController+Extension.swift */; };
		894BF76A274250B600E71C09 /* AppDelegate.swift in Sources */ = {isa = PBXBuildFile; fileRef = 894BF769274250B600E71C09 /* AppDelegate.swift */; };
		894BF76C274250B600E71C09 /* SceneDelegate.swift in Sources */ = {isa = PBXBuildFile; fileRef = 894BF76B274250B600E71C09 /* SceneDelegate.swift */; };
		894BF771274250B600E71C09 /* Main.storyboard in Resources */ = {isa = PBXBuildFile; fileRef = 894BF76F274250B600E71C09 /* Main.storyboard */; };
		894BF773274250B700E71C09 /* Assets.xcassets in Resources */ = {isa = PBXBuildFile; fileRef = 894BF772274250B700E71C09 /* Assets.xcassets */; };
		894BF776274250B700E71C09 /* LaunchScreen.storyboard in Resources */ = {isa = PBXBuildFile; fileRef = 894BF774274250B700E71C09 /* LaunchScreen.storyboard */; };
		89740BE5274649760033AD2C /* Alamofire in Frameworks */ = {isa = PBXBuildFile; productRef = 89740BE4274649760033AD2C /* Alamofire */; };
		89740BED274649AB0033AD2C /* SideMenu in Frameworks */ = {isa = PBXBuildFile; productRef = 89740BEC274649AB0033AD2C /* SideMenu */; };
		89740BF027464A040033AD2C /* Realm in Frameworks */ = {isa = PBXBuildFile; productRef = 89740BEF27464A040033AD2C /* Realm */; };
		89740BF227464A040033AD2C /* RealmSwift in Frameworks */ = {isa = PBXBuildFile; productRef = 89740BF127464A040033AD2C /* RealmSwift */; };
		89740BFF27464B510033AD2C /* SchedulesViewController.swift in Sources */ = {isa = PBXBuildFile; fileRef = 89740BFD27464B510033AD2C /* SchedulesViewController.swift */; };
		89740C0227464B6D0033AD2C /* EventsViewController.swift in Sources */ = {isa = PBXBuildFile; fileRef = 89740C0127464B6D0033AD2C /* EventsViewController.swift */; };
		89740C0427464B7F0033AD2C /* StandingsViewController.swift in Sources */ = {isa = PBXBuildFile; fileRef = 89740C0327464B7F0033AD2C /* StandingsViewController.swift */; };
		89740C0627464B880033AD2C /* NewsViewController.swift in Sources */ = {isa = PBXBuildFile; fileRef = 89740C0527464B880033AD2C /* NewsViewController.swift */; };
		89740C0A27464BE30033AD2C /* SquadsViewController.swift in Sources */ = {isa = PBXBuildFile; fileRef = 89740C0927464BE30033AD2C /* SquadsViewController.swift */; };
		89740C0C27464BF20033AD2C /* Schedules.storyboard in Resources */ = {isa = PBXBuildFile; fileRef = 89740C0B27464BF20033AD2C /* Schedules.storyboard */; };
		89740C0E27464BFD0033AD2C /* Events.storyboard in Resources */ = {isa = PBXBuildFile; fileRef = 89740C0D27464BFD0033AD2C /* Events.storyboard */; };
		89740C1027464D140033AD2C /* Standings.storyboard in Resources */ = {isa = PBXBuildFile; fileRef = 89740C0F27464D140033AD2C /* Standings.storyboard */; };
		89740C1227464D3C0033AD2C /* Squads.storyboard in Resources */ = {isa = PBXBuildFile; fileRef = 89740C1127464D3C0033AD2C /* Squads.storyboard */; };
		89740C1427464D430033AD2C /* News.storyboard in Resources */ = {isa = PBXBuildFile; fileRef = 89740C1327464D430033AD2C /* News.storyboard */; };
		898A63E0274687450023426A /* StandingsResponse.swift in Sources */ = {isa = PBXBuildFile; fileRef = 898A63DF274687450023426A /* StandingsResponse.swift */; };
		898A63E2274689390023426A /* Standing.json in Resources */ = {isa = PBXBuildFile; fileRef = 898A63E1274689390023426A /* Standing.json */; };
		898A63E6274690CE0023426A /* MainTabBarController.swift in Sources */ = {isa = PBXBuildFile; fileRef = 898A63E5274690CE0023426A /* MainTabBarController.swift */; };
		89F1ADD02747BF9400E860BB /* URLManager.swift in Sources */ = {isa = PBXBuildFile; fileRef = 89F1ADCF2747BF9400E860BB /* URLManager.swift */; };
		89F1ADD22747BFA100E860BB /* APIManager.swift in Sources */ = {isa = PBXBuildFile; fileRef = 89F1ADD12747BFA100E860BB /* APIManager.swift */; };
		89F1ADD42747BFAE00E860BB /* RealmManager.swift in Sources */ = {isa = PBXBuildFile; fileRef = 89F1ADD32747BFAE00E860BB /* RealmManager.swift */; };
/* End PBXBuildFile section */

/* Begin PBXFileReference section */
		891345DC274A790E00FACD61 /* APIComponents.swift */ = {isa = PBXFileReference; lastKnownFileType = sourcecode.swift; path = APIComponents.swift; sourceTree = "<group>"; };
		8913C820274B3433000CCC44 /* StandingsTableViewCell.swift */ = {isa = PBXFileReference; lastKnownFileType = sourcecode.swift; path = StandingsTableViewCell.swift; sourceTree = "<group>"; };
		8913C826274B57BF000CCC44 /* StandingSectionHeaderView.xib */ = {isa = PBXFileReference; lastKnownFileType = file.xib; path = StandingSectionHeaderView.xib; sourceTree = "<group>"; };
		8913C828274B57E0000CCC44 /* StandingSectionHeaderView.swift */ = {isa = PBXFileReference; lastKnownFileType = sourcecode.swift; path = StandingSectionHeaderView.swift; sourceTree = "<group>"; };
		8913C830274BB8B8000CCC44 /* UIViewController+Extension.swift */ = {isa = PBXFileReference; lastKnownFileType = sourcecode.swift; path = "UIViewController+Extension.swift"; sourceTree = "<group>"; };
		894BF766274250B600E71C09 /* SoccerInfo.app */ = {isa = PBXFileReference; explicitFileType = wrapper.application; includeInIndex = 0; path = SoccerInfo.app; sourceTree = BUILT_PRODUCTS_DIR; };
		894BF769274250B600E71C09 /* AppDelegate.swift */ = {isa = PBXFileReference; lastKnownFileType = sourcecode.swift; path = AppDelegate.swift; sourceTree = "<group>"; };
		894BF76B274250B600E71C09 /* SceneDelegate.swift */ = {isa = PBXFileReference; lastKnownFileType = sourcecode.swift; path = SceneDelegate.swift; sourceTree = "<group>"; };
		894BF770274250B600E71C09 /* Base */ = {isa = PBXFileReference; lastKnownFileType = file.storyboard; name = Base; path = Base.lproj/Main.storyboard; sourceTree = "<group>"; };
		894BF772274250B700E71C09 /* Assets.xcassets */ = {isa = PBXFileReference; lastKnownFileType = folder.assetcatalog; path = Assets.xcassets; sourceTree = "<group>"; };
		894BF775274250B700E71C09 /* Base */ = {isa = PBXFileReference; lastKnownFileType = file.storyboard; name = Base; path = Base.lproj/LaunchScreen.storyboard; sourceTree = "<group>"; };
		894BF777274250B700E71C09 /* Info.plist */ = {isa = PBXFileReference; lastKnownFileType = text.plist.xml; path = Info.plist; sourceTree = "<group>"; };
		89740BFD27464B510033AD2C /* SchedulesViewController.swift */ = {isa = PBXFileReference; lastKnownFileType = sourcecode.swift; path = SchedulesViewController.swift; sourceTree = "<group>"; };
		89740C0127464B6D0033AD2C /* EventsViewController.swift */ = {isa = PBXFileReference; lastKnownFileType = sourcecode.swift; path = EventsViewController.swift; sourceTree = "<group>"; };
		89740C0327464B7F0033AD2C /* StandingsViewController.swift */ = {isa = PBXFileReference; lastKnownFileType = sourcecode.swift; path = StandingsViewController.swift; sourceTree = "<group>"; };
		89740C0527464B880033AD2C /* NewsViewController.swift */ = {isa = PBXFileReference; lastKnownFileType = sourcecode.swift; path = NewsViewController.swift; sourceTree = "<group>"; };
		89740C0927464BE30033AD2C /* SquadsViewController.swift */ = {isa = PBXFileReference; lastKnownFileType = sourcecode.swift; path = SquadsViewController.swift; sourceTree = "<group>"; };
		89740C0B27464BF20033AD2C /* Schedules.storyboard */ = {isa = PBXFileReference; lastKnownFileType = file.storyboard; path = Schedules.storyboard; sourceTree = "<group>"; };
		89740C0D27464BFD0033AD2C /* Events.storyboard */ = {isa = PBXFileReference; lastKnownFileType = file.storyboard; path = Events.storyboard; sourceTree = "<group>"; };
		89740C0F27464D140033AD2C /* Standings.storyboard */ = {isa = PBXFileReference; lastKnownFileType = file.storyboard; path = Standings.storyboard; sourceTree = "<group>"; };
		89740C1127464D3C0033AD2C /* Squads.storyboard */ = {isa = PBXFileReference; lastKnownFileType = file.storyboard; path = Squads.storyboard; sourceTree = "<group>"; };
		89740C1327464D430033AD2C /* News.storyboard */ = {isa = PBXFileReference; lastKnownFileType = file.storyboard; path = News.storyboard; sourceTree = "<group>"; };
		898A63DF274687450023426A /* StandingsResponse.swift */ = {isa = PBXFileReference; lastKnownFileType = sourcecode.swift; path = StandingsResponse.swift; sourceTree = "<group>"; };
		898A63E1274689390023426A /* Standing.json */ = {isa = PBXFileReference; fileEncoding = 4; lastKnownFileType = text.json; path = Standing.json; sourceTree = "<group>"; };
		898A63E5274690CE0023426A /* MainTabBarController.swift */ = {isa = PBXFileReference; lastKnownFileType = sourcecode.swift; path = MainTabBarController.swift; sourceTree = "<group>"; };
		89F1ADCF2747BF9400E860BB /* URLManager.swift */ = {isa = PBXFileReference; lastKnownFileType = sourcecode.swift; path = URLManager.swift; sourceTree = "<group>"; };
		89F1ADD12747BFA100E860BB /* APIManager.swift */ = {isa = PBXFileReference; lastKnownFileType = sourcecode.swift; path = APIManager.swift; sourceTree = "<group>"; };
		89F1ADD32747BFAE00E860BB /* RealmManager.swift */ = {isa = PBXFileReference; lastKnownFileType = sourcecode.swift; path = RealmManager.swift; sourceTree = "<group>"; };
/* End PBXFileReference section */

/* Begin PBXFrameworksBuildPhase section */
		894BF763274250B600E71C09 /* Frameworks */ = {
			isa = PBXFrameworksBuildPhase;
			buildActionMask = 2147483647;
			files = (
				89740BF227464A040033AD2C /* RealmSwift in Frameworks */,
				89740BF027464A040033AD2C /* Realm in Frameworks */,
				89740BED274649AB0033AD2C /* SideMenu in Frameworks */,
				89740BE5274649760033AD2C /* Alamofire in Frameworks */,
			);
			runOnlyForDeploymentPostprocessing = 0;
		};
/* End PBXFrameworksBuildPhase section */

/* Begin PBXGroup section */
		8913C82A274B5CF0000CCC44 /* Storyboard */ = {
			isa = PBXGroup;
			children = (
				89740C0F27464D140033AD2C /* Standings.storyboard */,
				8913C826274B57BF000CCC44 /* StandingSectionHeaderView.xib */,
			);
			path = Storyboard;
			sourceTree = "<group>";
		};
		8913C82F274BB8A2000CCC44 /* Extensions */ = {
			isa = PBXGroup;
			children = (
				8913C830274BB8B8000CCC44 /* UIViewController+Extension.swift */,
			);
			path = Extensions;
			sourceTree = "<group>";
		};
		894BF75D274250B600E71C09 = {
			isa = PBXGroup;
			children = (
				894BF768274250B600E71C09 /* SoccerInfo */,
				894BF767274250B600E71C09 /* Products */,
			);
			sourceTree = "<group>";
		};
		894BF767274250B600E71C09 /* Products */ = {
			isa = PBXGroup;
			children = (
				894BF766274250B600E71C09 /* SoccerInfo.app */,
			);
			name = Products;
			sourceTree = "<group>";
		};
		894BF768274250B600E71C09 /* SoccerInfo */ = {
			isa = PBXGroup;
			children = (
				8913C82F274BB8A2000CCC44 /* Extensions */,
				89F1ADCE2747BF8500E860BB /* APIKey */,
				89740BF627464A370033AD2C /* Resources */,
				89740BF527464A300033AD2C /* Managers */,
				89740BF427464A1A0033AD2C /* Models */,
				89740BF327464A140033AD2C /* Views */,
				894BF777274250B700E71C09 /* Info.plist */,
			);
			path = SoccerInfo;
			sourceTree = "<group>";
		};
		89740BF327464A140033AD2C /* Views */ = {
			isa = PBXGroup;
			children = (
				89740BF727464A7E0033AD2C /* Main */,
				89740BF827464A900033AD2C /* Fixtures */,
				89740BF927464A9C0033AD2C /* Ranks */,
				89740BFA27464AA70033AD2C /* News */,
			);
			path = Views;
			sourceTree = "<group>";
		};
		89740BF427464A1A0033AD2C /* Models */ = {
			isa = PBXGroup;
			children = (
				898A63DF274687450023426A /* StandingsResponse.swift */,
				898A63E1274689390023426A /* Standing.json */,
			);
			path = Models;
			sourceTree = "<group>";
		};
		89740BF527464A300033AD2C /* Managers */ = {
			isa = PBXGroup;
			children = (
				89F1ADCF2747BF9400E860BB /* URLManager.swift */,
				89F1ADD12747BFA100E860BB /* APIManager.swift */,
				89F1ADD32747BFAE00E860BB /* RealmManager.swift */,
			);
			path = Managers;
			sourceTree = "<group>";
		};
		89740BF627464A370033AD2C /* Resources */ = {
			isa = PBXGroup;
			children = (
				894BF769274250B600E71C09 /* AppDelegate.swift */,
				894BF76B274250B600E71C09 /* SceneDelegate.swift */,
				894BF772274250B700E71C09 /* Assets.xcassets */,
				894BF774274250B700E71C09 /* LaunchScreen.storyboard */,
			);
			path = Resources;
			sourceTree = "<group>";
		};
		89740BF727464A7E0033AD2C /* Main */ = {
			isa = PBXGroup;
			children = (
				898A63E5274690CE0023426A /* MainTabBarController.swift */,
				894BF76F274250B600E71C09 /* Main.storyboard */,
			);
			path = Main;
			sourceTree = "<group>";
		};
		89740BF827464A900033AD2C /* Fixtures */ = {
			isa = PBXGroup;
			children = (
				89740BFB27464AE30033AD2C /* Schedules */,
				89740BFC27464AF60033AD2C /* Events */,
			);
			path = Fixtures;
			sourceTree = "<group>";
		};
		89740BF927464A9C0033AD2C /* Ranks */ = {
			isa = PBXGroup;
			children = (
				89740C0827464BD40033AD2C /* Standings */,
				89740C0727464B910033AD2C /* Squads */,
			);
			path = Ranks;
			sourceTree = "<group>";
		};
		89740BFA27464AA70033AD2C /* News */ = {
			isa = PBXGroup;
			children = (
				89740C0527464B880033AD2C /* NewsViewController.swift */,
				89740C1327464D430033AD2C /* News.storyboard */,
			);
			path = News;
			sourceTree = "<group>";
		};
		89740BFB27464AE30033AD2C /* Schedules */ = {
			isa = PBXGroup;
			children = (
				89740BFD27464B510033AD2C /* SchedulesViewController.swift */,
				89740C0B27464BF20033AD2C /* Schedules.storyboard */,
			);
			path = Schedules;
			sourceTree = "<group>";
		};
		89740BFC27464AF60033AD2C /* Events */ = {
			isa = PBXGroup;
			children = (
				89740C0127464B6D0033AD2C /* EventsViewController.swift */,
				89740C0D27464BFD0033AD2C /* Events.storyboard */,
			);
			path = Events;
			sourceTree = "<group>";
		};
		89740C0727464B910033AD2C /* Squads */ = {
			isa = PBXGroup;
			children = (
				89740C0927464BE30033AD2C /* SquadsViewController.swift */,
				89740C1127464D3C0033AD2C /* Squads.storyboard */,
			);
			path = Squads;
			sourceTree = "<group>";
		};
		89740C0827464BD40033AD2C /* Standings */ = {
			isa = PBXGroup;
			children = (
				8913C82A274B5CF0000CCC44 /* Storyboard */,
				89740C0327464B7F0033AD2C /* StandingsViewController.swift */,
				8913C820274B3433000CCC44 /* StandingsTableViewCell.swift */,
				8913C828274B57E0000CCC44 /* StandingSectionHeaderView.swift */,
			);
			path = Standings;
			sourceTree = "<group>";
		};
		89F1ADCE2747BF8500E860BB /* APIKey */ = {
			isa = PBXGroup;
			children = (
				891345DC274A790E00FACD61 /* APIComponents.swift */,
			);
			path = APIKey;
			sourceTree = "<group>";
		};
/* End PBXGroup section */

/* Begin PBXNativeTarget section */
		894BF765274250B600E71C09 /* SoccerInfo */ = {
			isa = PBXNativeTarget;
			buildConfigurationList = 894BF77A274250B700E71C09 /* Build configuration list for PBXNativeTarget "SoccerInfo" */;
			buildPhases = (
				894BF762274250B600E71C09 /* Sources */,
				894BF763274250B600E71C09 /* Frameworks */,
				894BF764274250B600E71C09 /* Resources */,
			);
			buildRules = (
			);
			dependencies = (
			);
			name = SoccerInfo;
			packageProductDependencies = (
				89740BE4274649760033AD2C /* Alamofire */,
				89740BEC274649AB0033AD2C /* SideMenu */,
				89740BEF27464A040033AD2C /* Realm */,
				89740BF127464A040033AD2C /* RealmSwift */,
			);
			productName = SoccerInfo;
			productReference = 894BF766274250B600E71C09 /* SoccerInfo.app */;
			productType = "com.apple.product-type.application";
		};
/* End PBXNativeTarget section */

/* Begin PBXProject section */
		894BF75E274250B600E71C09 /* Project object */ = {
			isa = PBXProject;
			attributes = {
				BuildIndependentTargetsInParallel = 1;
				LastSwiftUpdateCheck = 1310;
				LastUpgradeCheck = 1310;
				TargetAttributes = {
					894BF765274250B600E71C09 = {
						CreatedOnToolsVersion = 13.1;
					};
				};
			};
			buildConfigurationList = 894BF761274250B600E71C09 /* Build configuration list for PBXProject "SoccerInfo" */;
			compatibilityVersion = "Xcode 13.0";
			developmentRegion = en;
			hasScannedForEncodings = 0;
			knownRegions = (
				en,
				Base,
			);
			mainGroup = 894BF75D274250B600E71C09;
			packageReferences = (
				89740BE3274649760033AD2C /* XCRemoteSwiftPackageReference "Alamofire" */,
				89740BEB274649AB0033AD2C /* XCRemoteSwiftPackageReference "SideMenu" */,
				89740BEE27464A040033AD2C /* XCRemoteSwiftPackageReference "realm-cocoa" */,
			);
			productRefGroup = 894BF767274250B600E71C09 /* Products */;
			projectDirPath = "";
			projectRoot = "";
			targets = (
				894BF765274250B600E71C09 /* SoccerInfo */,
			);
		};
/* End PBXProject section */

/* Begin PBXResourcesBuildPhase section */
		894BF764274250B600E71C09 /* Resources */ = {
			isa = PBXResourcesBuildPhase;
			buildActionMask = 2147483647;
			files = (
				89740C1027464D140033AD2C /* Standings.storyboard in Resources */,
				8913C827274B57BF000CCC44 /* StandingSectionHeaderView.xib in Resources */,
				894BF776274250B700E71C09 /* LaunchScreen.storyboard in Resources */,
				898A63E2274689390023426A /* Standing.json in Resources */,
				894BF773274250B700E71C09 /* Assets.xcassets in Resources */,
				89740C1427464D430033AD2C /* News.storyboard in Resources */,
				89740C1227464D3C0033AD2C /* Squads.storyboard in Resources */,
				894BF771274250B600E71C09 /* Main.storyboard in Resources */,
				89740C0C27464BF20033AD2C /* Schedules.storyboard in Resources */,
				89740C0E27464BFD0033AD2C /* Events.storyboard in Resources */,
			);
			runOnlyForDeploymentPostprocessing = 0;
		};
/* End PBXResourcesBuildPhase section */

/* Begin PBXSourcesBuildPhase section */
		894BF762274250B600E71C09 /* Sources */ = {
			isa = PBXSourcesBuildPhase;
			buildActionMask = 2147483647;
			files = (
				8913C831274BB8B8000CCC44 /* UIViewController+Extension.swift in Sources */,
				894BF76A274250B600E71C09 /* AppDelegate.swift in Sources */,
				89740C0427464B7F0033AD2C /* StandingsViewController.swift in Sources */,
				898A63E6274690CE0023426A /* MainTabBarController.swift in Sources */,
				89F1ADD02747BF9400E860BB /* URLManager.swift in Sources */,
				89F1ADD22747BFA100E860BB /* APIManager.swift in Sources */,
				8913C821274B3433000CCC44 /* StandingsTableViewCell.swift in Sources */,
				8913C829274B57E0000CCC44 /* StandingSectionHeaderView.swift in Sources */,
				89F1ADD42747BFAE00E860BB /* RealmManager.swift in Sources */,
				898A63E0274687450023426A /* StandingsResponse.swift in Sources */,
				894BF76C274250B600E71C09 /* SceneDelegate.swift in Sources */,
				89740C0627464B880033AD2C /* NewsViewController.swift in Sources */,
				89740C0A27464BE30033AD2C /* SquadsViewController.swift in Sources */,
				89740BFF27464B510033AD2C /* SchedulesViewController.swift in Sources */,
				891345DD274A790E00FACD61 /* APIComponents.swift in Sources */,
				89740C0227464B6D0033AD2C /* EventsViewController.swift in Sources */,
			);
			runOnlyForDeploymentPostprocessing = 0;
		};
/* End PBXSourcesBuildPhase section */

/* Begin PBXVariantGroup section */
		894BF76F274250B600E71C09 /* Main.storyboard */ = {
			isa = PBXVariantGroup;
			children = (
				894BF770274250B600E71C09 /* Base */,
			);
			name = Main.storyboard;
			sourceTree = "<group>";
		};
		894BF774274250B700E71C09 /* LaunchScreen.storyboard */ = {
			isa = PBXVariantGroup;
			children = (
				894BF775274250B700E71C09 /* Base */,
			);
			name = LaunchScreen.storyboard;
			sourceTree = "<group>";
		};
/* End PBXVariantGroup section */

/* Begin XCBuildConfiguration section */
		894BF778274250B700E71C09 /* Debug */ = {
			isa = XCBuildConfiguration;
			buildSettings = {
				ALWAYS_SEARCH_USER_PATHS = NO;
				CLANG_ANALYZER_NONNULL = YES;
				CLANG_ANALYZER_NUMBER_OBJECT_CONVERSION = YES_AGGRESSIVE;
				CLANG_CXX_LANGUAGE_STANDARD = "gnu++17";
				CLANG_CXX_LIBRARY = "libc++";
				CLANG_ENABLE_MODULES = YES;
				CLANG_ENABLE_OBJC_ARC = YES;
				CLANG_ENABLE_OBJC_WEAK = YES;
				CLANG_WARN_BLOCK_CAPTURE_AUTORELEASING = YES;
				CLANG_WARN_BOOL_CONVERSION = YES;
				CLANG_WARN_COMMA = YES;
				CLANG_WARN_CONSTANT_CONVERSION = YES;
				CLANG_WARN_DEPRECATED_OBJC_IMPLEMENTATIONS = YES;
				CLANG_WARN_DIRECT_OBJC_ISA_USAGE = YES_ERROR;
				CLANG_WARN_DOCUMENTATION_COMMENTS = YES;
				CLANG_WARN_EMPTY_BODY = YES;
				CLANG_WARN_ENUM_CONVERSION = YES;
				CLANG_WARN_INFINITE_RECURSION = YES;
				CLANG_WARN_INT_CONVERSION = YES;
				CLANG_WARN_NON_LITERAL_NULL_CONVERSION = YES;
				CLANG_WARN_OBJC_IMPLICIT_RETAIN_SELF = YES;
				CLANG_WARN_OBJC_LITERAL_CONVERSION = YES;
				CLANG_WARN_OBJC_ROOT_CLASS = YES_ERROR;
				CLANG_WARN_QUOTED_INCLUDE_IN_FRAMEWORK_HEADER = YES;
				CLANG_WARN_RANGE_LOOP_ANALYSIS = YES;
				CLANG_WARN_STRICT_PROTOTYPES = YES;
				CLANG_WARN_SUSPICIOUS_MOVE = YES;
				CLANG_WARN_UNGUARDED_AVAILABILITY = YES_AGGRESSIVE;
				CLANG_WARN_UNREACHABLE_CODE = YES;
				CLANG_WARN__DUPLICATE_METHOD_MATCH = YES;
				COPY_PHASE_STRIP = NO;
				DEBUG_INFORMATION_FORMAT = dwarf;
				ENABLE_STRICT_OBJC_MSGSEND = YES;
				ENABLE_TESTABILITY = YES;
				GCC_C_LANGUAGE_STANDARD = gnu11;
				GCC_DYNAMIC_NO_PIC = NO;
				GCC_NO_COMMON_BLOCKS = YES;
				GCC_OPTIMIZATION_LEVEL = 0;
				GCC_PREPROCESSOR_DEFINITIONS = (
					"DEBUG=1",
					"$(inherited)",
				);
				GCC_WARN_64_TO_32_BIT_CONVERSION = YES;
				GCC_WARN_ABOUT_RETURN_TYPE = YES_ERROR;
				GCC_WARN_UNDECLARED_SELECTOR = YES;
				GCC_WARN_UNINITIALIZED_AUTOS = YES_AGGRESSIVE;
				GCC_WARN_UNUSED_FUNCTION = YES;
				GCC_WARN_UNUSED_VARIABLE = YES;
				IPHONEOS_DEPLOYMENT_TARGET = 15.0;
				MTL_ENABLE_DEBUG_INFO = INCLUDE_SOURCE;
				MTL_FAST_MATH = YES;
				ONLY_ACTIVE_ARCH = YES;
				SDKROOT = iphoneos;
				SWIFT_ACTIVE_COMPILATION_CONDITIONS = DEBUG;
				SWIFT_OPTIMIZATION_LEVEL = "-Onone";
			};
			name = Debug;
		};
		894BF779274250B700E71C09 /* Release */ = {
			isa = XCBuildConfiguration;
			buildSettings = {
				ALWAYS_SEARCH_USER_PATHS = NO;
				CLANG_ANALYZER_NONNULL = YES;
				CLANG_ANALYZER_NUMBER_OBJECT_CONVERSION = YES_AGGRESSIVE;
				CLANG_CXX_LANGUAGE_STANDARD = "gnu++17";
				CLANG_CXX_LIBRARY = "libc++";
				CLANG_ENABLE_MODULES = YES;
				CLANG_ENABLE_OBJC_ARC = YES;
				CLANG_ENABLE_OBJC_WEAK = YES;
				CLANG_WARN_BLOCK_CAPTURE_AUTORELEASING = YES;
				CLANG_WARN_BOOL_CONVERSION = YES;
				CLANG_WARN_COMMA = YES;
				CLANG_WARN_CONSTANT_CONVERSION = YES;
				CLANG_WARN_DEPRECATED_OBJC_IMPLEMENTATIONS = YES;
				CLANG_WARN_DIRECT_OBJC_ISA_USAGE = YES_ERROR;
				CLANG_WARN_DOCUMENTATION_COMMENTS = YES;
				CLANG_WARN_EMPTY_BODY = YES;
				CLANG_WARN_ENUM_CONVERSION = YES;
				CLANG_WARN_INFINITE_RECURSION = YES;
				CLANG_WARN_INT_CONVERSION = YES;
				CLANG_WARN_NON_LITERAL_NULL_CONVERSION = YES;
				CLANG_WARN_OBJC_IMPLICIT_RETAIN_SELF = YES;
				CLANG_WARN_OBJC_LITERAL_CONVERSION = YES;
				CLANG_WARN_OBJC_ROOT_CLASS = YES_ERROR;
				CLANG_WARN_QUOTED_INCLUDE_IN_FRAMEWORK_HEADER = YES;
				CLANG_WARN_RANGE_LOOP_ANALYSIS = YES;
				CLANG_WARN_STRICT_PROTOTYPES = YES;
				CLANG_WARN_SUSPICIOUS_MOVE = YES;
				CLANG_WARN_UNGUARDED_AVAILABILITY = YES_AGGRESSIVE;
				CLANG_WARN_UNREACHABLE_CODE = YES;
				CLANG_WARN__DUPLICATE_METHOD_MATCH = YES;
				COPY_PHASE_STRIP = NO;
				DEBUG_INFORMATION_FORMAT = "dwarf-with-dsym";
				ENABLE_NS_ASSERTIONS = NO;
				ENABLE_STRICT_OBJC_MSGSEND = YES;
				GCC_C_LANGUAGE_STANDARD = gnu11;
				GCC_NO_COMMON_BLOCKS = YES;
				GCC_WARN_64_TO_32_BIT_CONVERSION = YES;
				GCC_WARN_ABOUT_RETURN_TYPE = YES_ERROR;
				GCC_WARN_UNDECLARED_SELECTOR = YES;
				GCC_WARN_UNINITIALIZED_AUTOS = YES_AGGRESSIVE;
				GCC_WARN_UNUSED_FUNCTION = YES;
				GCC_WARN_UNUSED_VARIABLE = YES;
				IPHONEOS_DEPLOYMENT_TARGET = 15.0;
				MTL_ENABLE_DEBUG_INFO = NO;
				MTL_FAST_MATH = YES;
				SDKROOT = iphoneos;
				SWIFT_COMPILATION_MODE = wholemodule;
				SWIFT_OPTIMIZATION_LEVEL = "-O";
				VALIDATE_PRODUCT = YES;
			};
			name = Release;
		};
		894BF77B274250B700E71C09 /* Debug */ = {
			isa = XCBuildConfiguration;
			buildSettings = {
				ASSETCATALOG_COMPILER_APPICON_NAME = AppIcon;
				ASSETCATALOG_COMPILER_GLOBAL_ACCENT_COLOR_NAME = AccentColor;
				CODE_SIGN_STYLE = Automatic;
				CURRENT_PROJECT_VERSION = 1;
				DEVELOPMENT_TEAM = Z2SX2S8N8L;
				GENERATE_INFOPLIST_FILE = YES;
				INFOPLIST_FILE = SoccerInfo/Info.plist;
				INFOPLIST_KEY_UIApplicationSupportsIndirectInputEvents = YES;
				INFOPLIST_KEY_UILaunchStoryboardName = LaunchScreen;
				INFOPLIST_KEY_UIMainStoryboardFile = Main;
				INFOPLIST_KEY_UISupportedInterfaceOrientations = UIInterfaceOrientationPortrait;
				INFOPLIST_KEY_UISupportedInterfaceOrientations_iPad = "UIInterfaceOrientationPortrait UIInterfaceOrientationPortraitUpsideDown UIInterfaceOrientationLandscapeLeft UIInterfaceOrientationLandscapeRight";
				INFOPLIST_KEY_UISupportedInterfaceOrientations_iPhone = "UIInterfaceOrientationPortrait UIInterfaceOrientationLandscapeLeft UIInterfaceOrientationLandscapeRight";
				IPHONEOS_DEPLOYMENT_TARGET = 14.0;
				LD_RUNPATH_SEARCH_PATHS = (
					"$(inherited)",
					"@executable_path/Frameworks",
				);
				MARKETING_VERSION = 1.0;
				PRODUCT_BUNDLE_IDENTIFIER = com.JDman.SoccerInfo;
				PRODUCT_NAME = "$(TARGET_NAME)";
				SWIFT_EMIT_LOC_STRINGS = YES;
				SWIFT_VERSION = 5.0;
				TARGETED_DEVICE_FAMILY = 1;
			};
			name = Debug;
		};
		894BF77C274250B700E71C09 /* Release */ = {
			isa = XCBuildConfiguration;
			buildSettings = {
				ASSETCATALOG_COMPILER_APPICON_NAME = AppIcon;
				ASSETCATALOG_COMPILER_GLOBAL_ACCENT_COLOR_NAME = AccentColor;
				CODE_SIGN_STYLE = Automatic;
				CURRENT_PROJECT_VERSION = 1;
				DEVELOPMENT_TEAM = Z2SX2S8N8L;
				GENERATE_INFOPLIST_FILE = YES;
				INFOPLIST_FILE = SoccerInfo/Info.plist;
				INFOPLIST_KEY_UIApplicationSupportsIndirectInputEvents = YES;
				INFOPLIST_KEY_UILaunchStoryboardName = LaunchScreen;
				INFOPLIST_KEY_UIMainStoryboardFile = Main;
				INFOPLIST_KEY_UISupportedInterfaceOrientations = UIInterfaceOrientationPortrait;
				INFOPLIST_KEY_UISupportedInterfaceOrientations_iPad = "UIInterfaceOrientationPortrait UIInterfaceOrientationPortraitUpsideDown UIInterfaceOrientationLandscapeLeft UIInterfaceOrientationLandscapeRight";
				INFOPLIST_KEY_UISupportedInterfaceOrientations_iPhone = "UIInterfaceOrientationPortrait UIInterfaceOrientationLandscapeLeft UIInterfaceOrientationLandscapeRight";
				IPHONEOS_DEPLOYMENT_TARGET = 14.0;
				LD_RUNPATH_SEARCH_PATHS = (
					"$(inherited)",
					"@executable_path/Frameworks",
				);
				MARKETING_VERSION = 1.0;
				PRODUCT_BUNDLE_IDENTIFIER = com.JDman.SoccerInfo;
				PRODUCT_NAME = "$(TARGET_NAME)";
				SWIFT_EMIT_LOC_STRINGS = YES;
				SWIFT_VERSION = 5.0;
				TARGETED_DEVICE_FAMILY = 1;
			};
			name = Release;
		};
/* End XCBuildConfiguration section */

/* Begin XCConfigurationList section */
		894BF761274250B600E71C09 /* Build configuration list for PBXProject "SoccerInfo" */ = {
			isa = XCConfigurationList;
			buildConfigurations = (
				894BF778274250B700E71C09 /* Debug */,
				894BF779274250B700E71C09 /* Release */,
			);
			defaultConfigurationIsVisible = 0;
			defaultConfigurationName = Release;
		};
		894BF77A274250B700E71C09 /* Build configuration list for PBXNativeTarget "SoccerInfo" */ = {
			isa = XCConfigurationList;
			buildConfigurations = (
				894BF77B274250B700E71C09 /* Debug */,
				894BF77C274250B700E71C09 /* Release */,
			);
			defaultConfigurationIsVisible = 0;
			defaultConfigurationName = Release;
		};
/* End XCConfigurationList section */

/* Begin XCRemoteSwiftPackageReference section */
		89740BE3274649760033AD2C /* XCRemoteSwiftPackageReference "Alamofire" */ = {
			isa = XCRemoteSwiftPackageReference;
			repositoryURL = "https://github.com/Alamofire/Alamofire";
			requirement = {
				kind = upToNextMajorVersion;
				minimumVersion = 5.0.0;
			};
		};
		89740BEB274649AB0033AD2C /* XCRemoteSwiftPackageReference "SideMenu" */ = {
			isa = XCRemoteSwiftPackageReference;
			repositoryURL = "https://github.com/jonkykong/SideMenu.git";
			requirement = {
				kind = upToNextMinorVersion;
				minimumVersion = 6.5.0;
			};
		};
		89740BEE27464A040033AD2C /* XCRemoteSwiftPackageReference "realm-cocoa" */ = {
			isa = XCRemoteSwiftPackageReference;
			repositoryURL = "https://github.com/realm/realm-cocoa.git";
			requirement = {
				kind = exactVersion;
				version = 10.18.0;
			};
		};
/* End XCRemoteSwiftPackageReference section */

/* Begin XCSwiftPackageProductDependency section */
		89740BE4274649760033AD2C /* Alamofire */ = {
			isa = XCSwiftPackageProductDependency;
			package = 89740BE3274649760033AD2C /* XCRemoteSwiftPackageReference "Alamofire" */;
			productName = Alamofire;
		};
		89740BEC274649AB0033AD2C /* SideMenu */ = {
			isa = XCSwiftPackageProductDependency;
			package = 89740BEB274649AB0033AD2C /* XCRemoteSwiftPackageReference "SideMenu" */;
			productName = SideMenu;
		};
		89740BEF27464A040033AD2C /* Realm */ = {
			isa = XCSwiftPackageProductDependency;
			package = 89740BEE27464A040033AD2C /* XCRemoteSwiftPackageReference "realm-cocoa" */;
			productName = Realm;
		};
		89740BF127464A040033AD2C /* RealmSwift */ = {
			isa = XCSwiftPackageProductDependency;
			package = 89740BEE27464A040033AD2C /* XCRemoteSwiftPackageReference "realm-cocoa" */;
			productName = RealmSwift;
		};
/* End XCSwiftPackageProductDependency section */
	};
	rootObject = 894BF75E274250B600E71C09 /* Project object */;
}
